
Microsoft Visual Studio Solution File, Format Version 11.00
# Visual Studio 2010
Project("{8BC9CEB8-8B4A-11D0-8D11-00A0C91BC942}") = "3d", "3d.vcxproj", "{D5889267-D7A9-44C5-9D49-FC9E8AC833A3}"
EndProject
Project("{8BC9CEB8-8B4A-11D0-8D11-00A0C91BC942}") = "asyncio", "asyncio.vcxproj", "{43607C6B-CE88-4C95-8150-45FB81E04CC2}"
EndProject
Project("{8BC9CEB8-8B4A-11D0-8D11-00A0C91BC942}") = "channel_groups", "channel_groups.vcxproj", "{64E7A431-5FD3-4BD6-9827-AA0FE48B1EA7}"
EndProject
Project("{8BC9CEB8-8B4A-11D0-8D11-00A0C91BC942}") = "convolution_reverb", "convolution_reverb.vcxproj", "{634A79E9-CF7F-47DF-9007-D3A49B10C49F}"
EndProject
Project("{8BC9CEB8-8B4A-11D0-8D11-00A0C91BC942}") = "dsp_custom", "dsp_custom.vcxproj", "{B49D55C1-8C73-4A77-8A50-AB09DB4D25E2}"
EndProject
Project("{8BC9CEB8-8B4A-11D0-8D11-00A0C91BC942}") = "dsp_effect_per_speaker", "dsp_effect_per_speaker.vcxproj", "{A19F064A-605B-4592-B58B-A4CB4A7DD24C}"
EndProject
Project("{8BC9CEB8-8B4A-11D0-8D11-00A0C91BC942}") = "dsp_inspector", "dsp_inspector.vcxproj", "{A2C4313B-24BA-4480-936C-6D78B16C0241}"
EndProject
Project("{8BC9CEB8-8B4A-11D0-8D11-00A0C91BC942}") = "effects", "effects.vcxproj", "{A33F908A-D4C5-40EA-9B7B-9256E3E668F5}"
EndProject
Project("{8BC9CEB8-8B4A-11D0-8D11-00A0C91BC942}") = "gapless_playback", "gapless_playback.vcxproj", "{9564B6A6-021F-478E-BDED-CB5822179A90}"
EndProject
Project("{8BC9CEB8-8B4A-11D0-8D11-00A0C91BC942}") = "generate_tone", "generate_tone.vcxproj", "{CFDE09EF-E144-4CE8-AC2F-1F8D8B5298AF}"
EndProject
Project("{8BC9CEB8-8B4A-11D0-8D11-00A0C91BC942}") = "granular_synth", "granular_synth.vcxproj", "{9E1D0908-8A92-48B3-AB9C-9B36FFC925E9}"
EndProject
Project("{8BC9CEB8-8B4A-11D0-8D11-00A0C91BC942}") = "load_from_memory", "load_from_memory.vcxproj", "{12136659-CB27-44FE-8563-9382DEAE92FA}"
EndProject
Project("{8BC9CEB8-8B4A-11D0-8D11-00A0C91BC942}") = "multiple_speaker", "multiple_speaker.vcxproj", "{1C3D8EB1-70E7-47EE-9AA3-9AF10BB03374}"
EndProject
Project("{8BC9CEB8-8B4A-11D0-8D11-00A0C91BC942}") = "multiple_system", "multiple_system.vcxproj", "{4645521E-5ECF-4133-B654-911ECF0E655F}"
EndProject
Project("{8BC9CEB8-8B4A-11D0-8D11-00A0C91BC942}") = "net_stream", "net_stream.vcxproj", "{D635EFAF-9007-4F8F-B8E8-69E58F94FD38}"
EndProject
Project("{8BC9CEB8-8B4A-11D0-8D11-00A0C91BC942}") = "play_sound", "play_sound.vcxproj", "{B8B630E5-FB5A-4EEB-995E-07DFE7AE5B1B}"
EndProject
Project("{8BC9CEB8-8B4A-11D0-8D11-00A0C91BC942}") = "play_stream", "play_stream.vcxproj", "{A6D930ED-4017-4749-96AF-8B13ADD1326C}"
EndProject
Project("{8BC9CEB8-8B4A-11D0-8D11-00A0C91BC942}") = "record", "record.vcxproj", "{C0F17EED-8241-47C4-8D9D-06F39401E94A}"
EndProject
Project("{8BC9CEB8-8B4A-11D0-8D11-00A0C91BC942}") = "record_enumeration", "record_enumeration.vcxproj", "{68884C02-ACBC-458B-A1E7-01CDE4E86C50}"
EndProject
Project("{8BC9CEB8-8B4A-11D0-8D11-00A0C91BC942}") = "user_created_sound", "user_created_sound.vcxproj", "{602BFC8E-399F-48BE-B6A1-636AF31F864F}"
EndProject
Project("{8BC9CEB8-8B4A-11D0-8D11-00A0C91BC942}") = "fmod_codec_raw", "fmod_codec_raw.vcxproj", "{4D0C9B52-321F-4547-BD47-3D3B402AC08A}"
EndProject
Project("{8BC9CEB8-8B4A-11D0-8D11-00A0C91BC942}") = "fmod_distance_filter", "fmod_distance_filter.vcxproj", "{BCBCD454-B14F-4711-AEC2-F7F60AE7DD62}"
EndProject
Project("{8BC9CEB8-8B4A-11D0-8D11-00A0C91BC942}") = "fmod_gain", "fmod_gain.vcxproj", "{1C9944B9-8004-4577-91E4-D8962EB51B45}"
EndProject
Project("{8BC9CEB8-8B4A-11D0-8D11-00A0C91BC942}") = "fmod_noise", "fmod_noise.vcxproj", "{BA7EF6B0-194A-4671-B2F2-16737D3A4916}"
EndProject
Project("{8BC9CEB8-8B4A-11D0-8D11-00A0C91BC942}") = "output_mp3", "output_mp3.vcxproj", "{12427F81-18B0-452A-AE86-C51473DDAFB8}"
EndProject
Global
	GlobalSection(SolutionConfigurationPlatforms) = preSolution
		Debug|Win32 = Debug|Win32
		Debug|x64 = Debug|x64
		Release|Win32 = Release|Win32
		Release|x64 = Release|x64
	EndGlobalSection
	GlobalSection(ProjectConfigurationPlatforms) = postSolution
		{D5889267-D7A9-44C5-9D49-FC9E8AC833A3}.Debug|Win32.ActiveCfg = Debug|Win32
		{D5889267-D7A9-44C5-9D49-FC9E8AC833A3}.Debug|Win32.Build.0 = Debug|Win32
		{D5889267-D7A9-44C5-9D49-FC9E8AC833A3}.Debug|Win32.Deploy.0 = Debug|Win32
		{D5889267-D7A9-44C5-9D49-FC9E8AC833A3}.Debug|x64.ActiveCfg = Debug|x64
		{D5889267-D7A9-44C5-9D49-FC9E8AC833A3}.Debug|x64.Build.0 = Debug|x64
		{D5889267-D7A9-44C5-9D49-FC9E8AC833A3}.Debug|x64.Deploy.0 = Debug|x64
		{D5889267-D7A9-44C5-9D49-FC9E8AC833A3}.Release|Win32.ActiveCfg = Release|Win32
		{D5889267-D7A9-44C5-9D49-FC9E8AC833A3}.Release|Win32.Build.0 = Release|Win32
		{D5889267-D7A9-44C5-9D49-FC9E8AC833A3}.Release|Win32.Deploy.0 = Release|Win32
		{D5889267-D7A9-44C5-9D49-FC9E8AC833A3}.Release|x64.ActiveCfg = Release|x64
		{D5889267-D7A9-44C5-9D49-FC9E8AC833A3}.Release|x64.Build.0 = Release|x64
		{D5889267-D7A9-44C5-9D49-FC9E8AC833A3}.Release|x64.Deploy.0 = Release|x64
		{43607C6B-CE88-4C95-8150-45FB81E04CC2}.Debug|Win32.ActiveCfg = Debug|Win32
		{43607C6B-CE88-4C95-8150-45FB81E04CC2}.Debug|Win32.Build.0 = Debug|Win32
		{43607C6B-CE88-4C95-8150-45FB81E04CC2}.Debug|Win32.Deploy.0 = Debug|Win32
		{43607C6B-CE88-4C95-8150-45FB81E04CC2}.Debug|x64.ActiveCfg = Debug|x64
		{43607C6B-CE88-4C95-8150-45FB81E04CC2}.Debug|x64.Build.0 = Debug|x64
		{43607C6B-CE88-4C95-8150-45FB81E04CC2}.Debug|x64.Deploy.0 = Debug|x64
		{43607C6B-CE88-4C95-8150-45FB81E04CC2}.Release|Win32.ActiveCfg = Release|Win32
		{43607C6B-CE88-4C95-8150-45FB81E04CC2}.Release|Win32.Build.0 = Release|Win32
		{43607C6B-CE88-4C95-8150-45FB81E04CC2}.Release|Win32.Deploy.0 = Release|Win32
		{43607C6B-CE88-4C95-8150-45FB81E04CC2}.Release|x64.ActiveCfg = Release|x64
		{43607C6B-CE88-4C95-8150-45FB81E04CC2}.Release|x64.Build.0 = Release|x64
		{43607C6B-CE88-4C95-8150-45FB81E04CC2}.Release|x64.Deploy.0 = Release|x64
		{64E7A431-5FD3-4BD6-9827-AA0FE48B1EA7}.Debug|Win32.ActiveCfg = Debug|Win32
		{64E7A431-5FD3-4BD6-9827-AA0FE48B1EA7}.Debug|Win32.Build.0 = Debug|Win32
		{64E7A431-5FD3-4BD6-9827-AA0FE48B1EA7}.Debug|Win32.Deploy.0 = Debug|Win32
		{64E7A431-5FD3-4BD6-9827-AA0FE48B1EA7}.Debug|x64.ActiveCfg = Debug|x64
		{64E7A431-5FD3-4BD6-9827-AA0FE48B1EA7}.Debug|x64.Build.0 = Debug|x64
		{64E7A431-5FD3-4BD6-9827-AA0FE48B1EA7}.Debug|x64.Deploy.0 = Debug|x64
		{64E7A431-5FD3-4BD6-9827-AA0FE48B1EA7}.Release|Win32.ActiveCfg = Release|Win32
		{64E7A431-5FD3-4BD6-9827-AA0FE48B1EA7}.Release|Win32.Build.0 = Release|Win32
		{64E7A431-5FD3-4BD6-9827-AA0FE48B1EA7}.Release|Win32.Deploy.0 = Release|Win32
		{64E7A431-5FD3-4BD6-9827-AA0FE48B1EA7}.Release|x64.ActiveCfg = Release|x64
		{64E7A431-5FD3-4BD6-9827-AA0FE48B1EA7}.Release|x64.Build.0 = Release|x64
		{64E7A431-5FD3-4BD6-9827-AA0FE48B1EA7}.Release|x64.Deploy.0 = Release|x64
		{634A79E9-CF7F-47DF-9007-D3A49B10C49F}.Debug|Win32.ActiveCfg = Debug|Win32
		{634A79E9-CF7F-47DF-9007-D3A49B10C49F}.Debug|Win32.Build.0 = Debug|Win32
		{634A79E9-CF7F-47DF-9007-D3A49B10C49F}.Debug|Win32.Deploy.0 = Debug|Win32
		{634A79E9-CF7F-47DF-9007-D3A49B10C49F}.Debug|x64.ActiveCfg = Debug|x64
		{634A79E9-CF7F-47DF-9007-D3A49B10C49F}.Debug|x64.Build.0 = Debug|x64
		{634A79E9-CF7F-47DF-9007-D3A49B10C49F}.Debug|x64.Deploy.0 = Debug|x64
		{634A79E9-CF7F-47DF-9007-D3A49B10C49F}.Release|Win32.ActiveCfg = Release|Win32
		{634A79E9-CF7F-47DF-9007-D3A49B10C49F}.Release|Win32.Build.0 = Release|Win32
		{634A79E9-CF7F-47DF-9007-D3A49B10C49F}.Release|Win32.Deploy.0 = Release|Win32
		{634A79E9-CF7F-47DF-9007-D3A49B10C49F}.Release|x64.ActiveCfg = Release|x64
		{634A79E9-CF7F-47DF-9007-D3A49B10C49F}.Release|x64.Build.0 = Release|x64
		{634A79E9-CF7F-47DF-9007-D3A49B10C49F}.Release|x64.Deploy.0 = Release|x64
		{B49D55C1-8C73-4A77-8A50-AB09DB4D25E2}.Debug|Win32.ActiveCfg = Debug|Win32
		{B49D55C1-8C73-4A77-8A50-AB09DB4D25E2}.Debug|Win32.Build.0 = Debug|Win32
		{B49D55C1-8C73-4A77-8A50-AB09DB4D25E2}.Debug|Win32.Deploy.0 = Debug|Win32
		{B49D55C1-8C73-4A77-8A50-AB09DB4D25E2}.Debug|x64.ActiveCfg = Debug|x64
		{B49D55C1-8C73-4A77-8A50-AB09DB4D25E2}.Debug|x64.Build.0 = Debug|x64
		{B49D55C1-8C73-4A77-8A50-AB09DB4D25E2}.Debug|x64.Deploy.0 = Debug|x64
		{B49D55C1-8C73-4A77-8A50-AB09DB4D25E2}.Release|Win32.ActiveCfg = Release|Win32
		{B49D55C1-8C73-4A77-8A50-AB09DB4D25E2}.Release|Win32.Build.0 = Release|Win32
		{B49D55C1-8C73-4A77-8A50-AB09DB4D25E2}.Release|Win32.Deploy.0 = Release|Win32
		{B49D55C1-8C73-4A77-8A50-AB09DB4D25E2}.Release|x64.ActiveCfg = Release|x64
		{B49D55C1-8C73-4A77-8A50-AB09DB4D25E2}.Release|x64.Build.0 = Release|x64
		{B49D55C1-8C73-4A77-8A50-AB09DB4D25E2}.Release|x64.Deploy.0 = Release|x64
		{A19F064A-605B-4592-B58B-A4CB4A7DD24C}.Debug|Win32.ActiveCfg = Debug|Win32
		{A19F064A-605B-4592-B58B-A4CB4A7DD24C}.Debug|Win32.Build.0 = Debug|Win32
		{A19F064A-605B-4592-B58B-A4CB4A7DD24C}.Debug|Win32.Deploy.0 = Debug|Win32
		{A19F064A-605B-4592-B58B-A4CB4A7DD24C}.Debug|x64.ActiveCfg = Debug|x64
		{A19F064A-605B-4592-B58B-A4CB4A7DD24C}.Debug|x64.Build.0 = Debug|x64
		{A19F064A-605B-4592-B58B-A4CB4A7DD24C}.Debug|x64.Deploy.0 = Debug|x64
		{A19F064A-605B-4592-B58B-A4CB4A7DD24C}.Release|Win32.ActiveCfg = Release|Win32
		{A19F064A-605B-4592-B58B-A4CB4A7DD24C}.Release|Win32.Build.0 = Release|Win32
		{A19F064A-605B-4592-B58B-A4CB4A7DD24C}.Release|Win32.Deploy.0 = Release|Win32
		{A19F064A-605B-4592-B58B-A4CB4A7DD24C}.Release|x64.ActiveCfg = Release|x64
		{A19F064A-605B-4592-B58B-A4CB4A7DD24C}.Release|x64.Build.0 = Release|x64
		{A19F064A-605B-4592-B58B-A4CB4A7DD24C}.Release|x64.Deploy.0 = Release|x64
		{A2C4313B-24BA-4480-936C-6D78B16C0241}.Debug|Win32.ActiveCfg = Debug|Win32
		{A2C4313B-24BA-4480-936C-6D78B16C0241}.Debug|Win32.Build.0 = Debug|Win32
		{A2C4313B-24BA-4480-936C-6D78B16C0241}.Debug|Win32.Deploy.0 = Debug|Win32
		{A2C4313B-24BA-4480-936C-6D78B16C0241}.Debug|x64.ActiveCfg = Debug|x64
		{A2C4313B-24BA-4480-936C-6D78B16C0241}.Debug|x64.Build.0 = Debug|x64
		{A2C4313B-24BA-4480-936C-6D78B16C0241}.Debug|x64.Deploy.0 = Debug|x64
		{A2C4313B-24BA-4480-936C-6D78B16C0241}.Release|Win32.ActiveCfg = Release|Win32
		{A2C4313B-24BA-4480-936C-6D78B16C0241}.Release|Win32.Build.0 = Release|Win32
		{A2C4313B-24BA-4480-936C-6D78B16C0241}.Release|Win32.Deploy.0 = Release|Win32
		{A2C4313B-24BA-4480-936C-6D78B16C0241}.Release|x64.ActiveCfg = Release|x64
		{A2C4313B-24BA-4480-936C-6D78B16C0241}.Release|x64.Build.0 = Release|x64
		{A2C4313B-24BA-4480-936C-6D78B16C0241}.Release|x64.Deploy.0 = Release|x64
		{A33F908A-D4C5-40EA-9B7B-9256E3E668F5}.Debug|Win32.ActiveCfg = Debug|Win32
		{A33F908A-D4C5-40EA-9B7B-9256E3E668F5}.Debug|Win32.Build.0 = Debug|Win32
		{A33F908A-D4C5-40EA-9B7B-9256E3E668F5}.Debug|Win32.Deploy.0 = Debug|Win32
		{A33F908A-D4C5-40EA-9B7B-9256E3E668F5}.Debug|x64.ActiveCfg = Debug|x64
		{A33F908A-D4C5-40EA-9B7B-9256E3E668F5}.Debug|x64.Build.0 = Debug|x64
		{A33F908A-D4C5-40EA-9B7B-9256E3E668F5}.Debug|x64.Deploy.0 = Debug|x64
		{A33F908A-D4C5-40EA-9B7B-9256E3E668F5}.Release|Win32.ActiveCfg = Release|Win32
		{A33F908A-D4C5-40EA-9B7B-9256E3E668F5}.Release|Win32.Build.0 = Release|Win32
		{A33F908A-D4C5-40EA-9B7B-9256E3E668F5}.Release|Win32.Deploy.0 = Release|Win32
		{A33F908A-D4C5-40EA-9B7B-9256E3E668F5}.Release|x64.ActiveCfg = Release|x64
		{A33F908A-D4C5-40EA-9B7B-9256E3E668F5}.Release|x64.Build.0 = Release|x64
		{A33F908A-D4C5-40EA-9B7B-9256E3E668F5}.Release|x64.Deploy.0 = Release|x64
		{9564B6A6-021F-478E-BDED-CB5822179A90}.Debug|Win32.ActiveCfg = Debug|Win32
		{9564B6A6-021F-478E-BDED-CB5822179A90}.Debug|Win32.Build.0 = Debug|Win32
		{9564B6A6-021F-478E-BDED-CB5822179A90}.Debug|Win32.Deploy.0 = Debug|Win32
		{9564B6A6-021F-478E-BDED-CB5822179A90}.Debug|x64.ActiveCfg = Debug|x64
		{9564B6A6-021F-478E-BDED-CB5822179A90}.Debug|x64.Build.0 = Debug|x64
		{9564B6A6-021F-478E-BDED-CB5822179A90}.Debug|x64.Deploy.0 = Debug|x64
		{9564B6A6-021F-478E-BDED-CB5822179A90}.Release|Win32.ActiveCfg = Release|Win32
		{9564B6A6-021F-478E-BDED-CB5822179A90}.Release|Win32.Build.0 = Release|Win32
		{9564B6A6-021F-478E-BDED-CB5822179A90}.Release|Win32.Deploy.0 = Release|Win32
		{9564B6A6-021F-478E-BDED-CB5822179A90}.Release|x64.ActiveCfg = Release|x64
		{9564B6A6-021F-478E-BDED-CB5822179A90}.Release|x64.Build.0 = Release|x64
		{9564B6A6-021F-478E-BDED-CB5822179A90}.Release|x64.Deploy.0 = Release|x64
		{CFDE09EF-E144-4CE8-AC2F-1F8D8B5298AF}.Debug|Win32.ActiveCfg = Debug|Win32
		{CFDE09EF-E144-4CE8-AC2F-1F8D8B5298AF}.Debug|Win32.Build.0 = Debug|Win32
		{CFDE09EF-E144-4CE8-AC2F-1F8D8B5298AF}.Debug|Win32.Deploy.0 = Debug|Win32
		{CFDE09EF-E144-4CE8-AC2F-1F8D8B5298AF}.Debug|x64.ActiveCfg = Debug|x64
		{CFDE09EF-E144-4CE8-AC2F-1F8D8B5298AF}.Debug|x64.Build.0 = Debug|x64
		{CFDE09EF-E144-4CE8-AC2F-1F8D8B5298AF}.Debug|x64.Deploy.0 = Debug|x64
		{CFDE09EF-E144-4CE8-AC2F-1F8D8B5298AF}.Release|Win32.ActiveCfg = Release|Win32
		{CFDE09EF-E144-4CE8-AC2F-1F8D8B5298AF}.Release|Win32.Build.0 = Release|Win32
		{CFDE09EF-E144-4CE8-AC2F-1F8D8B5298AF}.Release|Win32.Deploy.0 = Release|Win32
		{CFDE09EF-E144-4CE8-AC2F-1F8D8B5298AF}.Release|x64.ActiveCfg = Release|x64
		{CFDE09EF-E144-4CE8-AC2F-1F8D8B5298AF}.Release|x64.Build.0 = Release|x64
		{CFDE09EF-E144-4CE8-AC2F-1F8D8B5298AF}.Release|x64.Deploy.0 = Release|x64
		{9E1D0908-8A92-48B3-AB9C-9B36FFC925E9}.Debug|Win32.ActiveCfg = Debug|Win32
		{9E1D0908-8A92-48B3-AB9C-9B36FFC925E9}.Debug|Win32.Build.0 = Debug|Win32
		{9E1D0908-8A92-48B3-AB9C-9B36FFC925E9}.Debug|Win32.Deploy.0 = Debug|Win32
		{9E1D0908-8A92-48B3-AB9C-9B36FFC925E9}.Debug|x64.ActiveCfg = Debug|x64
		{9E1D0908-8A92-48B3-AB9C-9B36FFC925E9}.Debug|x64.Build.0 = Debug|x64
		{9E1D0908-8A92-48B3-AB9C-9B36FFC925E9}.Debug|x64.Deploy.0 = Debug|x64
		{9E1D0908-8A92-48B3-AB9C-9B36FFC925E9}.Release|Win32.ActiveCfg = Release|Win32
		{9E1D0908-8A92-48B3-AB9C-9B36FFC925E9}.Release|Win32.Build.0 = Release|Win32
		{9E1D0908-8A92-48B3-AB9C-9B36FFC925E9}.Release|Win32.Deploy.0 = Release|Win32
		{9E1D0908-8A92-48B3-AB9C-9B36FFC925E9}.Release|x64.ActiveCfg = Release|x64
		{9E1D0908-8A92-48B3-AB9C-9B36FFC925E9}.Release|x64.Build.0 = Release|x64
		{9E1D0908-8A92-48B3-AB9C-9B36FFC925E9}.Release|x64.Deploy.0 = Release|x64
		{12136659-CB27-44FE-8563-9382DEAE92FA}.Debug|Win32.ActiveCfg = Debug|Win32
		{12136659-CB27-44FE-8563-9382DEAE92FA}.Debug|Win32.Build.0 = Debug|Win32
		{12136659-CB27-44FE-8563-9382DEAE92FA}.Debug|Win32.Deploy.0 = Debug|Win32
		{12136659-CB27-44FE-8563-9382DEAE92FA}.Debug|x64.ActiveCfg = Debug|x64
		{12136659-CB27-44FE-8563-9382DEAE92FA}.Debug|x64.Build.0 = Debug|x64
		{12136659-CB27-44FE-8563-9382DEAE92FA}.Debug|x64.Deploy.0 = Debug|x64
		{12136659-CB27-44FE-8563-9382DEAE92FA}.Release|Win32.ActiveCfg = Release|Win32
		{12136659-CB27-44FE-8563-9382DEAE92FA}.Release|Win32.Build.0 = Release|Win32
		{12136659-CB27-44FE-8563-9382DEAE92FA}.Release|Win32.Deploy.0 = Release|Win32
		{12136659-CB27-44FE-8563-9382DEAE92FA}.Release|x64.ActiveCfg = Release|x64
		{12136659-CB27-44FE-8563-9382DEAE92FA}.Release|x64.Build.0 = Release|x64
		{12136659-CB27-44FE-8563-9382DEAE92FA}.Release|x64.Deploy.0 = Release|x64
		{1C3D8EB1-70E7-47EE-9AA3-9AF10BB03374}.Debug|Win32.ActiveCfg = Debug|Win32
		{1C3D8EB1-70E7-47EE-9AA3-9AF10BB03374}.Debug|Win32.Build.0 = Debug|Win32
		{1C3D8EB1-70E7-47EE-9AA3-9AF10BB03374}.Debug|Win32.Deploy.0 = Debug|Win32
		{1C3D8EB1-70E7-47EE-9AA3-9AF10BB03374}.Debug|x64.ActiveCfg = Debug|x64
		{1C3D8EB1-70E7-47EE-9AA3-9AF10BB03374}.Debug|x64.Build.0 = Debug|x64
		{1C3D8EB1-70E7-47EE-9AA3-9AF10BB03374}.Debug|x64.Deploy.0 = Debug|x64
		{1C3D8EB1-70E7-47EE-9AA3-9AF10BB03374}.Release|Win32.ActiveCfg = Release|Win32
		{1C3D8EB1-70E7-47EE-9AA3-9AF10BB03374}.Release|Win32.Build.0 = Release|Win32
		{1C3D8EB1-70E7-47EE-9AA3-9AF10BB03374}.Release|Win32.Deploy.0 = Release|Win32
		{1C3D8EB1-70E7-47EE-9AA3-9AF10BB03374}.Release|x64.ActiveCfg = Release|x64
		{1C3D8EB1-70E7-47EE-9AA3-9AF10BB03374}.Release|x64.Build.0 = Release|x64
		{1C3D8EB1-70E7-47EE-9AA3-9AF10BB03374}.Release|x64.Deploy.0 = Release|x64
		{4645521E-5ECF-4133-B654-911ECF0E655F}.Debug|Win32.ActiveCfg = Debug|Win32
		{4645521E-5ECF-4133-B654-911ECF0E655F}.Debug|Win32.Build.0 = Debug|Win32
		{4645521E-5ECF-4133-B654-911ECF0E655F}.Debug|Win32.Deploy.0 = Debug|Win32
		{4645521E-5ECF-4133-B654-911ECF0E655F}.Debug|x64.ActiveCfg = Debug|x64
		{4645521E-5ECF-4133-B654-911ECF0E655F}.Debug|x64.Build.0 = Debug|x64
		{4645521E-5ECF-4133-B654-911ECF0E655F}.Debug|x64.Deploy.0 = Debug|x64
		{4645521E-5ECF-4133-B654-911ECF0E655F}.Release|Win32.ActiveCfg = Release|Win32
		{4645521E-5ECF-4133-B654-911ECF0E655F}.Release|Win32.Build.0 = Release|Win32
		{4645521E-5ECF-4133-B654-911ECF0E655F}.Release|Win32.Deploy.0 = Release|Win32
		{4645521E-5ECF-4133-B654-911ECF0E655F}.Release|x64.ActiveCfg = Release|x64
		{4645521E-5ECF-4133-B654-911ECF0E655F}.Release|x64.Build.0 = Release|x64
		{4645521E-5ECF-4133-B654-911ECF0E655F}.Release|x64.Deploy.0 = Release|x64
		{D635EFAF-9007-4F8F-B8E8-69E58F94FD38}.Debug|Win32.ActiveCfg = Debug|Win32
		{D635EFAF-9007-4F8F-B8E8-69E58F94FD38}.Debug|Win32.Build.0 = Debug|Win32
		{D635EFAF-9007-4F8F-B8E8-69E58F94FD38}.Debug|Win32.Deploy.0 = Debug|Win32
		{D635EFAF-9007-4F8F-B8E8-69E58F94FD38}.Debug|x64.ActiveCfg = Debug|x64
		{D635EFAF-9007-4F8F-B8E8-69E58F94FD38}.Debug|x64.Build.0 = Debug|x64
		{D635EFAF-9007-4F8F-B8E8-69E58F94FD38}.Debug|x64.Deploy.0 = Debug|x64
		{D635EFAF-9007-4F8F-B8E8-69E58F94FD38}.Release|Win32.ActiveCfg = Release|Win32
		{D635EFAF-9007-4F8F-B8E8-69E58F94FD38}.Release|Win32.Build.0 = Release|Win32
		{D635EFAF-9007-4F8F-B8E8-69E58F94FD38}.Release|Win32.Deploy.0 = Release|Win32
		{D635EFAF-9007-4F8F-B8E8-69E58F94FD38}.Release|x64.ActiveCfg = Release|x64
		{D635EFAF-9007-4F8F-B8E8-69E58F94FD38}.Release|x64.Build.0 = Release|x64
		{D635EFAF-9007-4F8F-B8E8-69E58F94FD38}.Release|x64.Deploy.0 = Release|x64
		{B8B630E5-FB5A-4EEB-995E-07DFE7AE5B1B}.Debug|Win32.ActiveCfg = Debug|Win32
		{B8B630E5-FB5A-4EEB-995E-07DFE7AE5B1B}.Debug|Win32.Build.0 = Debug|Win32
		{B8B630E5-FB5A-4EEB-995E-07DFE7AE5B1B}.Debug|Win32.Deploy.0 = Debug|Win32
		{B8B630E5-FB5A-4EEB-995E-07DFE7AE5B1B}.Debug|x64.ActiveCfg = Debug|x64
		{B8B630E5-FB5A-4EEB-995E-07DFE7AE5B1B}.Debug|x64.Build.0 = Debug|x64
		{B8B630E5-FB5A-4EEB-995E-07DFE7AE5B1B}.Debug|x64.Deploy.0 = Debug|x64
		{B8B630E5-FB5A-4EEB-995E-07DFE7AE5B1B}.Release|Win32.ActiveCfg = Release|Win32
		{B8B630E5-FB5A-4EEB-995E-07DFE7AE5B1B}.Release|Win32.Build.0 = Release|Win32
		{B8B630E5-FB5A-4EEB-995E-07DFE7AE5B1B}.Release|Win32.Deploy.0 = Release|Win32
		{B8B630E5-FB5A-4EEB-995E-07DFE7AE5B1B}.Release|x64.ActiveCfg = Release|x64
		{B8B630E5-FB5A-4EEB-995E-07DFE7AE5B1B}.Release|x64.Build.0 = Release|x64
		{B8B630E5-FB5A-4EEB-995E-07DFE7AE5B1B}.Release|x64.Deploy.0 = Release|x64
		{A6D930ED-4017-4749-96AF-8B13ADD1326C}.Debug|Win32.ActiveCfg = Debug|Win32
		{A6D930ED-4017-4749-96AF-8B13ADD1326C}.Debug|Win32.Build.0 = Debug|Win32
		{A6D930ED-4017-4749-96AF-8B13ADD1326C}.Debug|Win32.Deploy.0 = Debug|Win32
		{A6D930ED-4017-4749-96AF-8B13ADD1326C}.Debug|x64.ActiveCfg = Debug|x64
		{A6D930ED-4017-4749-96AF-8B13ADD1326C}.Debug|x64.Build.0 = Debug|x64
		{A6D930ED-4017-4749-96AF-8B13ADD1326C}.Debug|x64.Deploy.0 = Debug|x64
		{A6D930ED-4017-4749-96AF-8B13ADD1326C}.Release|Win32.ActiveCfg = Release|Win32
		{A6D930ED-4017-4749-96AF-8B13ADD1326C}.Release|Win32.Build.0 = Release|Win32
		{A6D930ED-4017-4749-96AF-8B13ADD1326C}.Release|Win32.Deploy.0 = Release|Win32
		{A6D930ED-4017-4749-96AF-8B13ADD1326C}.Release|x64.ActiveCfg = Release|x64
		{A6D930ED-4017-4749-96AF-8B13ADD1326C}.Release|x64.Build.0 = Release|x64
		{A6D930ED-4017-4749-96AF-8B13ADD1326C}.Release|x64.Deploy.0 = Release|x64
		{C0F17EED-8241-47C4-8D9D-06F39401E94A}.Debug|Win32.ActiveCfg = Debug|Win32
		{C0F17EED-8241-47C4-8D9D-06F39401E94A}.Debug|Win32.Build.0 = Debug|Win32
		{C0F17EED-8241-47C4-8D9D-06F39401E94A}.Debug|Win32.Deploy.0 = Debug|Win32
		{C0F17EED-8241-47C4-8D9D-06F39401E94A}.Debug|x64.ActiveCfg = Debug|x64
		{C0F17EED-8241-47C4-8D9D-06F39401E94A}.Debug|x64.Build.0 = Debug|x64
		{C0F17EED-8241-47C4-8D9D-06F39401E94A}.Debug|x64.Deploy.0 = Debug|x64
		{C0F17EED-8241-47C4-8D9D-06F39401E94A}.Release|Win32.ActiveCfg = Release|Win32
		{C0F17EED-8241-47C4-8D9D-06F39401E94A}.Release|Win32.Build.0 = Release|Win32
		{C0F17EED-8241-47C4-8D9D-06F39401E94A}.Release|Win32.Deploy.0 = Release|Win32
		{C0F17EED-8241-47C4-8D9D-06F39401E94A}.Release|x64.ActiveCfg = Release|x64
		{C0F17EED-8241-47C4-8D9D-06F39401E94A}.Release|x64.Build.0 = Release|x64
		{C0F17EED-8241-47C4-8D9D-06F39401E94A}.Release|x64.Deploy.0 = Release|x64
		{68884C02-ACBC-458B-A1E7-01CDE4E86C50}.Debug|Win32.ActiveCfg = Debug|Win32
		{68884C02-ACBC-458B-A1E7-01CDE4E86C50}.Debug|Win32.Build.0 = Debug|Win32
		{68884C02-ACBC-458B-A1E7-01CDE4E86C50}.Debug|Win32.Deploy.0 = Debug|Win32
		{68884C02-ACBC-458B-A1E7-01CDE4E86C50}.Debug|x64.ActiveCfg = Debug|x64
		{68884C02-ACBC-458B-A1E7-01CDE4E86C50}.Debug|x64.Build.0 = Debug|x64
		{68884C02-ACBC-458B-A1E7-01CDE4E86C50}.Debug|x64.Deploy.0 = Debug|x64
		{68884C02-ACBC-458B-A1E7-01CDE4E86C50}.Release|Win32.ActiveCfg = Release|Win32
		{68884C02-ACBC-458B-A1E7-01CDE4E86C50}.Release|Win32.Build.0 = Release|Win32
		{68884C02-ACBC-458B-A1E7-01CDE4E86C50}.Release|Win32.Deploy.0 = Release|Win32
		{68884C02-ACBC-458B-A1E7-01CDE4E86C50}.Release|x64.ActiveCfg = Release|x64
		{68884C02-ACBC-458B-A1E7-01CDE4E86C50}.Release|x64.Build.0 = Release|x64
		{68884C02-ACBC-458B-A1E7-01CDE4E86C50}.Release|x64.Deploy.0 = Release|x64
		{602BFC8E-399F-48BE-B6A1-636AF31F864F}.Debug|Win32.ActiveCfg = Debug|Win32
		{602BFC8E-399F-48BE-B6A1-636AF31F864F}.Debug|Win32.Build.0 = Debug|Win32
		{602BFC8E-399F-48BE-B6A1-636AF31F864F}.Debug|Win32.Deploy.0 = Debug|Win32
		{602BFC8E-399F-48BE-B6A1-636AF31F864F}.Debug|x64.ActiveCfg = Debug|x64
		{602BFC8E-399F-48BE-B6A1-636AF31F864F}.Debug|x64.Build.0 = Debug|x64
		{602BFC8E-399F-48BE-B6A1-636AF31F864F}.Debug|x64.Deploy.0 = Debug|x64
		{602BFC8E-399F-48BE-B6A1-636AF31F864F}.Release|Win32.ActiveCfg = Release|Win32
		{602BFC8E-399F-48BE-B6A1-636AF31F864F}.Release|Win32.Build.0 = Release|Win32
		{602BFC8E-399F-48BE-B6A1-636AF31F864F}.Release|Win32.Deploy.0 = Release|Win32
		{602BFC8E-399F-48BE-B6A1-636AF31F864F}.Release|x64.ActiveCfg = Release|x64
		{602BFC8E-399F-48BE-B6A1-636AF31F864F}.Release|x64.Build.0 = Release|x64
		{602BFC8E-399F-48BE-B6A1-636AF31F864F}.Release|x64.Deploy.0 = Release|x64
		{4D0C9B52-321F-4547-BD47-3D3B402AC08A}.Debug|Win32.ActiveCfg = Debug|Win32
		{4D0C9B52-321F-4547-BD47-3D3B402AC08A}.Debug|Win32.Build.0 = Debug|Win32
		{4D0C9B52-321F-4547-BD47-3D3B402AC08A}.Debug|Win32.Deploy.0 = Debug|Win32
		{4D0C9B52-321F-4547-BD47-3D3B402AC08A}.Debug|x64.ActiveCfg = Debug|x64
		{4D0C9B52-321F-4547-BD47-3D3B402AC08A}.Debug|x64.Build.0 = Debug|x64
		{4D0C9B52-321F-4547-BD47-3D3B402AC08A}.Debug|x64.Deploy.0 = Debug|x64
		{4D0C9B52-321F-4547-BD47-3D3B402AC08A}.Release|Win32.ActiveCfg = Release|Win32
		{4D0C9B52-321F-4547-BD47-3D3B402AC08A}.Release|Win32.Build.0 = Release|Win32
		{4D0C9B52-321F-4547-BD47-3D3B402AC08A}.Release|Win32.Deploy.0 = Release|Win32
		{4D0C9B52-321F-4547-BD47-3D3B402AC08A}.Release|x64.ActiveCfg = Release|x64
		{4D0C9B52-321F-4547-BD47-3D3B402AC08A}.Release|x64.Build.0 = Release|x64
		{4D0C9B52-321F-4547-BD47-3D3B402AC08A}.Release|x64.Deploy.0 = Release|x64
		{BCBCD454-B14F-4711-AEC2-F7F60AE7DD62}.Debug|Win32.ActiveCfg = Debug|Win32
		{BCBCD454-B14F-4711-AEC2-F7F60AE7DD62}.Debug|Win32.Build.0 = Debug|Win32
		{BCBCD454-B14F-4711-AEC2-F7F60AE7DD62}.Debug|Win32.Deploy.0 = Debug|Win32
		{BCBCD454-B14F-4711-AEC2-F7F60AE7DD62}.Debug|x64.ActiveCfg = Debug|x64
		{BCBCD454-B14F-4711-AEC2-F7F60AE7DD62}.Debug|x64.Build.0 = Debug|x64
		{BCBCD454-B14F-4711-AEC2-F7F60AE7DD62}.Debug|x64.Deploy.0 = Debug|x64
		{BCBCD454-B14F-4711-AEC2-F7F60AE7DD62}.Release|Win32.ActiveCfg = Release|Win32
		{BCBCD454-B14F-4711-AEC2-F7F60AE7DD62}.Release|Win32.Build.0 = Release|Win32
		{BCBCD454-B14F-4711-AEC2-F7F60AE7DD62}.Release|Win32.Deploy.0 = Release|Win32
		{BCBCD454-B14F-4711-AEC2-F7F60AE7DD62}.Release|x64.ActiveCfg = Release|x64
		{BCBCD454-B14F-4711-AEC2-F7F60AE7DD62}.Release|x64.Build.0 = Release|x64
		{BCBCD454-B14F-4711-AEC2-F7F60AE7DD62}.Release|x64.Deploy.0 = Release|x64
		{1C9944B9-8004-4577-91E4-D8962EB51B45}.Debug|Win32.ActiveCfg = Debug|Win32
		{1C9944B9-8004-4577-91E4-D8962EB51B45}.Debug|Win32.Build.0 = Debug|Win32
		{1C9944B9-8004-4577-91E4-D8962EB51B45}.Debug|Win32.Deploy.0 = Debug|Win32
		{1C9944B9-8004-4577-91E4-D8962EB51B45}.Debug|x64.ActiveCfg = Debug|x64
		{1C9944B9-8004-4577-91E4-D8962EB51B45}.Debug|x64.Build.0 = Debug|x64
		{1C9944B9-8004-4577-91E4-D8962EB51B45}.Debug|x64.Deploy.0 = Debug|x64
		{1C9944B9-8004-4577-91E4-D8962EB51B45}.Release|Win32.ActiveCfg = Release|Win32
		{1C9944B9-8004-4577-91E4-D8962EB51B45}.Release|Win32.Build.0 = Release|Win32
		{1C9944B9-8004-4577-91E4-D8962EB51B45}.Release|Win32.Deploy.0 = Release|Win32
		{1C9944B9-8004-4577-91E4-D8962EB51B45}.Release|x64.ActiveCfg = Release|x64
		{1C9944B9-8004-4577-91E4-D8962EB51B45}.Release|x64.Build.0 = Release|x64
		{1C9944B9-8004-4577-91E4-D8962EB51B45}.Release|x64.Deploy.0 = Release|x64
		{BA7EF6B0-194A-4671-B2F2-16737D3A4916}.Debug|Win32.ActiveCfg = Debug|Win32
		{BA7EF6B0-194A-4671-B2F2-16737D3A4916}.Debug|Win32.Build.0 = Debug|Win32
		{BA7EF6B0-194A-4671-B2F2-16737D3A4916}.Debug|Win32.Deploy.0 = Debug|Win32
		{BA7EF6B0-194A-4671-B2F2-16737D3A4916}.Debug|x64.ActiveCfg = Debug|x64
		{BA7EF6B0-194A-4671-B2F2-16737D3A4916}.Debug|x64.Build.0 = Debug|x64
		{BA7EF6B0-194A-4671-B2F2-16737D3A4916}.Debug|x64.Deploy.0 = Debug|x64
		{BA7EF6B0-194A-4671-B2F2-16737D3A4916}.Release|Win32.ActiveCfg = Release|Win32
		{BA7EF6B0-194A-4671-B2F2-16737D3A4916}.Release|Win32.Build.0 = Release|Win32
		{BA7EF6B0-194A-4671-B2F2-16737D3A4916}.Release|Win32.Deploy.0 = Release|Win32
		{BA7EF6B0-194A-4671-B2F2-16737D3A4916}.Release|x64.ActiveCfg = Release|x64
		{BA7EF6B0-194A-4671-B2F2-16737D3A4916}.Release|x64.Build.0 = Release|x64
		{BA7EF6B0-194A-4671-B2F2-16737D3A4916}.Release|x64.Deploy.0 = Release|x64
		{12427F81-18B0-452A-AE86-C51473DDAFB8}.Debug|Win32.ActiveCfg = Debug|Win32
		{12427F81-18B0-452A-AE86-C51473DDAFB8}.Debug|Win32.Build.0 = Debug|Win32
		{12427F81-18B0-452A-AE86-C51473DDAFB8}.Debug|Win32.Deploy.0 = Debug|Win32
		{12427F81-18B0-452A-AE86-C51473DDAFB8}.Debug|x64.ActiveCfg = Debug|x64
		{12427F81-18B0-452A-AE86-C51473DDAFB8}.Debug|x64.Build.0 = Debug|x64
		{12427F81-18B0-452A-AE86-C51473DDAFB8}.Debug|x64.Deploy.0 = Debug|x64
		{12427F81-18B0-452A-AE86-C51473DDAFB8}.Release|Win32.ActiveCfg = Release|Win32
		{12427F81-18B0-452A-AE86-C51473DDAFB8}.Release|Win32.Build.0 = Release|Win32
		{12427F81-18B0-452A-AE86-C51473DDAFB8}.Release|Win32.Deploy.0 = Release|Win32
		{12427F81-18B0-452A-AE86-C51473DDAFB8}.Release|x64.ActiveCfg = Release|x64
		{12427F81-18B0-452A-AE86-C51473DDAFB8}.Release|x64.Build.0 = Release|x64
		{12427F81-18B0-452A-AE86-C51473DDAFB8}.Release|x64.Deploy.0 = Release|x64
	EndGlobalSection
	GlobalSection(SolutionProperties) = preSolution
		HideSolutionNode = FALSE
	EndGlobalSection
EndGlobal
