
Microsoft Visual Studio Solution File, Format Version 11.00
# Visual Studio 2012
Project("{8BC9CEB8-8B4A-11D0-8D11-00A0C91BC942}") = "3d", "3d.vcxproj", "{464022AF-8C0E-4092-8B35-CDD257B20653}"
EndProject
Project("{8BC9CEB8-8B4A-11D0-8D11-00A0C91BC942}") = "asyncio", "asyncio.vcxproj", "{35CC70E5-DB35-4472-827D-28E7BE824BD1}"
EndProject
Project("{8BC9CEB8-8B4A-11D0-8D11-00A0C91BC942}") = "channel_groups", "channel_groups.vcxproj", "{F9DD75B8-820D-4A0D-AF56-EBE001DB3530}"
EndProject
Project("{8BC9CEB8-8B4A-11D0-8D11-00A0C91BC942}") = "convolution_reverb", "convolution_reverb.vcxproj", "{00F96478-FEC2-4B69-B0E6-03EFAE0967C4}"
EndProject
Project("{8BC9CEB8-8B4A-11D0-8D11-00A0C91BC942}") = "dsp_custom", "dsp_custom.vcxproj", "{FA987993-D83A-44E0-A60E-36DD1E3B6661}"
EndProject
Project("{8BC9CEB8-8B4A-11D0-8D11-00A0C91BC942}") = "dsp_effect_per_speaker", "dsp_effect_per_speaker.vcxproj", "{77ED26A7-1847-4812-8B8D-C75329BE1A81}"
EndProject
Project("{8BC9CEB8-8B4A-11D0-8D11-00A0C91BC942}") = "dsp_inspector", "dsp_inspector.vcxproj", "{570125F2-1ECA-4044-ACCB-1110035D0786}"
EndProject
Project("{8BC9CEB8-8B4A-11D0-8D11-00A0C91BC942}") = "effects", "effects.vcxproj", "{95513D54-DBA6-48FD-B8F1-513A2ADA0137}"
EndProject
Project("{8BC9CEB8-8B4A-11D0-8D11-00A0C91BC942}") = "gapless_playback", "gapless_playback.vcxproj", "{152BADBC-4936-4E38-B365-DFE43D63C54D}"
EndProject
Project("{8BC9CEB8-8B4A-11D0-8D11-00A0C91BC942}") = "generate_tone", "generate_tone.vcxproj", "{434B76FC-55BE-4BFF-938F-0D75F7298BE3}"
EndProject
Project("{8BC9CEB8-8B4A-11D0-8D11-00A0C91BC942}") = "granular_synth", "granular_synth.vcxproj", "{6316845F-C1BD-41F4-AAA5-4AC6CB17141F}"
EndProject
Project("{8BC9CEB8-8B4A-11D0-8D11-00A0C91BC942}") = "load_from_memory", "load_from_memory.vcxproj", "{331BF947-DB52-4B5B-BDFE-15FAF09F7863}"
EndProject
Project("{8BC9CEB8-8B4A-11D0-8D11-00A0C91BC942}") = "multiple_speaker", "multiple_speaker.vcxproj", "{4725A3C6-84B3-4642-A1FF-40A92B42AEE3}"
EndProject
Project("{8BC9CEB8-8B4A-11D0-8D11-00A0C91BC942}") = "multiple_system", "multiple_system.vcxproj", "{D9EF94F6-10E9-484F-8C9A-4567F3EF2094}"
EndProject
Project("{8BC9CEB8-8B4A-11D0-8D11-00A0C91BC942}") = "net_stream", "net_stream.vcxproj", "{9C516659-55A1-4740-BB9E-7A1DAD8DA9B3}"
EndProject
Project("{8BC9CEB8-8B4A-11D0-8D11-00A0C91BC942}") = "play_sound", "play_sound.vcxproj", "{7705CA44-0E68-4BDD-AD22-6126940F96ED}"
EndProject
Project("{8BC9CEB8-8B4A-11D0-8D11-00A0C91BC942}") = "play_stream", "play_stream.vcxproj", "{8EBDF482-1BDB-429A-B977-2F1254005382}"
EndProject
Project("{8BC9CEB8-8B4A-11D0-8D11-00A0C91BC942}") = "record", "record.vcxproj", "{4F445268-03A5-491E-A2AB-E3E64915D5C8}"
EndProject
Project("{8BC9CEB8-8B4A-11D0-8D11-00A0C91BC942}") = "record_enumeration", "record_enumeration.vcxproj", "{8F33C7BB-E73B-4FFC-8B45-D83248C98BAB}"
EndProject
Project("{8BC9CEB8-8B4A-11D0-8D11-00A0C91BC942}") = "user_created_sound", "user_created_sound.vcxproj", "{6D9AC985-D786-4DAC-ABEA-F7DECEF3ADB9}"
EndProject
Project("{8BC9CEB8-8B4A-11D0-8D11-00A0C91BC942}") = "fmod_codec_raw", "fmod_codec_raw.vcxproj", "{2706CBEF-3A4A-4DBE-A981-24B4798D2332}"
EndProject
Project("{8BC9CEB8-8B4A-11D0-8D11-00A0C91BC942}") = "fmod_distance_filter", "fmod_distance_filter.vcxproj", "{AF65DC34-05D2-4CEB-825C-B7FCD9BD065B}"
EndProject
Project("{8BC9CEB8-8B4A-11D0-8D11-00A0C91BC942}") = "fmod_gain", "fmod_gain.vcxproj", "{BA11C642-A266-4A0F-95A9-658C71130C20}"
EndProject
Project("{8BC9CEB8-8B4A-11D0-8D11-00A0C91BC942}") = "fmod_noise", "fmod_noise.vcxproj", "{ADF65E4E-6B44-4057-89D4-4A4E3BCF2446}"
EndProject
Project("{8BC9CEB8-8B4A-11D0-8D11-00A0C91BC942}") = "output_mp3", "output_mp3.vcxproj", "{198A1FF2-F765-4CED-B43C-28E42FE57DD6}"
EndProject
Global
	GlobalSection(SolutionConfigurationPlatforms) = preSolution
		Debug|Win32 = Debug|Win32
		Debug|x64 = Debug|x64
		Release|Win32 = Release|Win32
		Release|x64 = Release|x64
	EndGlobalSection
	GlobalSection(ProjectConfigurationPlatforms) = postSolution
		{464022AF-8C0E-4092-8B35-CDD257B20653}.Debug|Win32.ActiveCfg = Debug|Win32
		{464022AF-8C0E-4092-8B35-CDD257B20653}.Debug|Win32.Build.0 = Debug|Win32
		{464022AF-8C0E-4092-8B35-CDD257B20653}.Debug|Win32.Deploy.0 = Debug|Win32
		{464022AF-8C0E-4092-8B35-CDD257B20653}.Debug|x64.ActiveCfg = Debug|x64
		{464022AF-8C0E-4092-8B35-CDD257B20653}.Debug|x64.Build.0 = Debug|x64
		{464022AF-8C0E-4092-8B35-CDD257B20653}.Debug|x64.Deploy.0 = Debug|x64
		{464022AF-8C0E-4092-8B35-CDD257B20653}.Release|Win32.ActiveCfg = Release|Win32
		{464022AF-8C0E-4092-8B35-CDD257B20653}.Release|Win32.Build.0 = Release|Win32
		{464022AF-8C0E-4092-8B35-CDD257B20653}.Release|Win32.Deploy.0 = Release|Win32
		{464022AF-8C0E-4092-8B35-CDD257B20653}.Release|x64.ActiveCfg = Release|x64
		{464022AF-8C0E-4092-8B35-CDD257B20653}.Release|x64.Build.0 = Release|x64
		{464022AF-8C0E-4092-8B35-CDD257B20653}.Release|x64.Deploy.0 = Release|x64
		{35CC70E5-DB35-4472-827D-28E7BE824BD1}.Debug|Win32.ActiveCfg = Debug|Win32
		{35CC70E5-DB35-4472-827D-28E7BE824BD1}.Debug|Win32.Build.0 = Debug|Win32
		{35CC70E5-DB35-4472-827D-28E7BE824BD1}.Debug|Win32.Deploy.0 = Debug|Win32
		{35CC70E5-DB35-4472-827D-28E7BE824BD1}.Debug|x64.ActiveCfg = Debug|x64
		{35CC70E5-DB35-4472-827D-28E7BE824BD1}.Debug|x64.Build.0 = Debug|x64
		{35CC70E5-DB35-4472-827D-28E7BE824BD1}.Debug|x64.Deploy.0 = Debug|x64
		{35CC70E5-DB35-4472-827D-28E7BE824BD1}.Release|Win32.ActiveCfg = Release|Win32
		{35CC70E5-DB35-4472-827D-28E7BE824BD1}.Release|Win32.Build.0 = Release|Win32
		{35CC70E5-DB35-4472-827D-28E7BE824BD1}.Release|Win32.Deploy.0 = Release|Win32
		{35CC70E5-DB35-4472-827D-28E7BE824BD1}.Release|x64.ActiveCfg = Release|x64
		{35CC70E5-DB35-4472-827D-28E7BE824BD1}.Release|x64.Build.0 = Release|x64
		{35CC70E5-DB35-4472-827D-28E7BE824BD1}.Release|x64.Deploy.0 = Release|x64
		{F9DD75B8-820D-4A0D-AF56-EBE001DB3530}.Debug|Win32.ActiveCfg = Debug|Win32
		{F9DD75B8-820D-4A0D-AF56-EBE001DB3530}.Debug|Win32.Build.0 = Debug|Win32
		{F9DD75B8-820D-4A0D-AF56-EBE001DB3530}.Debug|Win32.Deploy.0 = Debug|Win32
		{F9DD75B8-820D-4A0D-AF56-EBE001DB3530}.Debug|x64.ActiveCfg = Debug|x64
		{F9DD75B8-820D-4A0D-AF56-EBE001DB3530}.Debug|x64.Build.0 = Debug|x64
		{F9DD75B8-820D-4A0D-AF56-EBE001DB3530}.Debug|x64.Deploy.0 = Debug|x64
		{F9DD75B8-820D-4A0D-AF56-EBE001DB3530}.Release|Win32.ActiveCfg = Release|Win32
		{F9DD75B8-820D-4A0D-AF56-EBE001DB3530}.Release|Win32.Build.0 = Release|Win32
		{F9DD75B8-820D-4A0D-AF56-EBE001DB3530}.Release|Win32.Deploy.0 = Release|Win32
		{F9DD75B8-820D-4A0D-AF56-EBE001DB3530}.Release|x64.ActiveCfg = Release|x64
		{F9DD75B8-820D-4A0D-AF56-EBE001DB3530}.Release|x64.Build.0 = Release|x64
		{F9DD75B8-820D-4A0D-AF56-EBE001DB3530}.Release|x64.Deploy.0 = Release|x64
		{00F96478-FEC2-4B69-B0E6-03EFAE0967C4}.Debug|Win32.ActiveCfg = Debug|Win32
		{00F96478-FEC2-4B69-B0E6-03EFAE0967C4}.Debug|Win32.Build.0 = Debug|Win32
		{00F96478-FEC2-4B69-B0E6-03EFAE0967C4}.Debug|Win32.Deploy.0 = Debug|Win32
		{00F96478-FEC2-4B69-B0E6-03EFAE0967C4}.Debug|x64.ActiveCfg = Debug|x64
		{00F96478-FEC2-4B69-B0E6-03EFAE0967C4}.Debug|x64.Build.0 = Debug|x64
		{00F96478-FEC2-4B69-B0E6-03EFAE0967C4}.Debug|x64.Deploy.0 = Debug|x64
		{00F96478-FEC2-4B69-B0E6-03EFAE0967C4}.Release|Win32.ActiveCfg = Release|Win32
		{00F96478-FEC2-4B69-B0E6-03EFAE0967C4}.Release|Win32.Build.0 = Release|Win32
		{00F96478-FEC2-4B69-B0E6-03EFAE0967C4}.Release|Win32.Deploy.0 = Release|Win32
		{00F96478-FEC2-4B69-B0E6-03EFAE0967C4}.Release|x64.ActiveCfg = Release|x64
		{00F96478-FEC2-4B69-B0E6-03EFAE0967C4}.Release|x64.Build.0 = Release|x64
		{00F96478-FEC2-4B69-B0E6-03EFAE0967C4}.Release|x64.Deploy.0 = Release|x64
		{FA987993-D83A-44E0-A60E-36DD1E3B6661}.Debug|Win32.ActiveCfg = Debug|Win32
		{FA987993-D83A-44E0-A60E-36DD1E3B6661}.Debug|Win32.Build.0 = Debug|Win32
		{FA987993-D83A-44E0-A60E-36DD1E3B6661}.Debug|Win32.Deploy.0 = Debug|Win32
		{FA987993-D83A-44E0-A60E-36DD1E3B6661}.Debug|x64.ActiveCfg = Debug|x64
		{FA987993-D83A-44E0-A60E-36DD1E3B6661}.Debug|x64.Build.0 = Debug|x64
		{FA987993-D83A-44E0-A60E-36DD1E3B6661}.Debug|x64.Deploy.0 = Debug|x64
		{FA987993-D83A-44E0-A60E-36DD1E3B6661}.Release|Win32.ActiveCfg = Release|Win32
		{FA987993-D83A-44E0-A60E-36DD1E3B6661}.Release|Win32.Build.0 = Release|Win32
		{FA987993-D83A-44E0-A60E-36DD1E3B6661}.Release|Win32.Deploy.0 = Release|Win32
		{FA987993-D83A-44E0-A60E-36DD1E3B6661}.Release|x64.ActiveCfg = Release|x64
		{FA987993-D83A-44E0-A60E-36DD1E3B6661}.Release|x64.Build.0 = Release|x64
		{FA987993-D83A-44E0-A60E-36DD1E3B6661}.Release|x64.Deploy.0 = Release|x64
		{77ED26A7-1847-4812-8B8D-C75329BE1A81}.Debug|Win32.ActiveCfg = Debug|Win32
		{77ED26A7-1847-4812-8B8D-C75329BE1A81}.Debug|Win32.Build.0 = Debug|Win32
		{77ED26A7-1847-4812-8B8D-C75329BE1A81}.Debug|Win32.Deploy.0 = Debug|Win32
		{77ED26A7-1847-4812-8B8D-C75329BE1A81}.Debug|x64.ActiveCfg = Debug|x64
		{77ED26A7-1847-4812-8B8D-C75329BE1A81}.Debug|x64.Build.0 = Debug|x64
		{77ED26A7-1847-4812-8B8D-C75329BE1A81}.Debug|x64.Deploy.0 = Debug|x64
		{77ED26A7-1847-4812-8B8D-C75329BE1A81}.Release|Win32.ActiveCfg = Release|Win32
		{77ED26A7-1847-4812-8B8D-C75329BE1A81}.Release|Win32.Build.0 = Release|Win32
		{77ED26A7-1847-4812-8B8D-C75329BE1A81}.Release|Win32.Deploy.0 = Release|Win32
		{77ED26A7-1847-4812-8B8D-C75329BE1A81}.Release|x64.ActiveCfg = Release|x64
		{77ED26A7-1847-4812-8B8D-C75329BE1A81}.Release|x64.Build.0 = Release|x64
		{77ED26A7-1847-4812-8B8D-C75329BE1A81}.Release|x64.Deploy.0 = Release|x64
		{570125F2-1ECA-4044-ACCB-1110035D0786}.Debug|Win32.ActiveCfg = Debug|Win32
		{570125F2-1ECA-4044-ACCB-1110035D0786}.Debug|Win32.Build.0 = Debug|Win32
		{570125F2-1ECA-4044-ACCB-1110035D0786}.Debug|Win32.Deploy.0 = Debug|Win32
		{570125F2-1ECA-4044-ACCB-1110035D0786}.Debug|x64.ActiveCfg = Debug|x64
		{570125F2-1ECA-4044-ACCB-1110035D0786}.Debug|x64.Build.0 = Debug|x64
		{570125F2-1ECA-4044-ACCB-1110035D0786}.Debug|x64.Deploy.0 = Debug|x64
		{570125F2-1ECA-4044-ACCB-1110035D0786}.Release|Win32.ActiveCfg = Release|Win32
		{570125F2-1ECA-4044-ACCB-1110035D0786}.Release|Win32.Build.0 = Release|Win32
		{570125F2-1ECA-4044-ACCB-1110035D0786}.Release|Win32.Deploy.0 = Release|Win32
		{570125F2-1ECA-4044-ACCB-1110035D0786}.Release|x64.ActiveCfg = Release|x64
		{570125F2-1ECA-4044-ACCB-1110035D0786}.Release|x64.Build.0 = Release|x64
		{570125F2-1ECA-4044-ACCB-1110035D0786}.Release|x64.Deploy.0 = Release|x64
		{95513D54-DBA6-48FD-B8F1-513A2ADA0137}.Debug|Win32.ActiveCfg = Debug|Win32
		{95513D54-DBA6-48FD-B8F1-513A2ADA0137}.Debug|Win32.Build.0 = Debug|Win32
		{95513D54-DBA6-48FD-B8F1-513A2ADA0137}.Debug|Win32.Deploy.0 = Debug|Win32
		{95513D54-DBA6-48FD-B8F1-513A2ADA0137}.Debug|x64.ActiveCfg = Debug|x64
		{95513D54-DBA6-48FD-B8F1-513A2ADA0137}.Debug|x64.Build.0 = Debug|x64
		{95513D54-DBA6-48FD-B8F1-513A2ADA0137}.Debug|x64.Deploy.0 = Debug|x64
		{95513D54-DBA6-48FD-B8F1-513A2ADA0137}.Release|Win32.ActiveCfg = Release|Win32
		{95513D54-DBA6-48FD-B8F1-513A2ADA0137}.Release|Win32.Build.0 = Release|Win32
		{95513D54-DBA6-48FD-B8F1-513A2ADA0137}.Release|Win32.Deploy.0 = Release|Win32
		{95513D54-DBA6-48FD-B8F1-513A2ADA0137}.Release|x64.ActiveCfg = Release|x64
		{95513D54-DBA6-48FD-B8F1-513A2ADA0137}.Release|x64.Build.0 = Release|x64
		{95513D54-DBA6-48FD-B8F1-513A2ADA0137}.Release|x64.Deploy.0 = Release|x64
		{152BADBC-4936-4E38-B365-DFE43D63C54D}.Debug|Win32.ActiveCfg = Debug|Win32
		{152BADBC-4936-4E38-B365-DFE43D63C54D}.Debug|Win32.Build.0 = Debug|Win32
		{152BADBC-4936-4E38-B365-DFE43D63C54D}.Debug|Win32.Deploy.0 = Debug|Win32
		{152BADBC-4936-4E38-B365-DFE43D63C54D}.Debug|x64.ActiveCfg = Debug|x64
		{152BADBC-4936-4E38-B365-DFE43D63C54D}.Debug|x64.Build.0 = Debug|x64
		{152BADBC-4936-4E38-B365-DFE43D63C54D}.Debug|x64.Deploy.0 = Debug|x64
		{152BADBC-4936-4E38-B365-DFE43D63C54D}.Release|Win32.ActiveCfg = Release|Win32
		{152BADBC-4936-4E38-B365-DFE43D63C54D}.Release|Win32.Build.0 = Release|Win32
		{152BADBC-4936-4E38-B365-DFE43D63C54D}.Release|Win32.Deploy.0 = Release|Win32
		{152BADBC-4936-4E38-B365-DFE43D63C54D}.Release|x64.ActiveCfg = Release|x64
		{152BADBC-4936-4E38-B365-DFE43D63C54D}.Release|x64.Build.0 = Release|x64
		{152BADBC-4936-4E38-B365-DFE43D63C54D}.Release|x64.Deploy.0 = Release|x64
		{434B76FC-55BE-4BFF-938F-0D75F7298BE3}.Debug|Win32.ActiveCfg = Debug|Win32
		{434B76FC-55BE-4BFF-938F-0D75F7298BE3}.Debug|Win32.Build.0 = Debug|Win32
		{434B76FC-55BE-4BFF-938F-0D75F7298BE3}.Debug|Win32.Deploy.0 = Debug|Win32
		{434B76FC-55BE-4BFF-938F-0D75F7298BE3}.Debug|x64.ActiveCfg = Debug|x64
		{434B76FC-55BE-4BFF-938F-0D75F7298BE3}.Debug|x64.Build.0 = Debug|x64
		{434B76FC-55BE-4BFF-938F-0D75F7298BE3}.Debug|x64.Deploy.0 = Debug|x64
		{434B76FC-55BE-4BFF-938F-0D75F7298BE3}.Release|Win32.ActiveCfg = Release|Win32
		{434B76FC-55BE-4BFF-938F-0D75F7298BE3}.Release|Win32.Build.0 = Release|Win32
		{434B76FC-55BE-4BFF-938F-0D75F7298BE3}.Release|Win32.Deploy.0 = Release|Win32
		{434B76FC-55BE-4BFF-938F-0D75F7298BE3}.Release|x64.ActiveCfg = Release|x64
		{434B76FC-55BE-4BFF-938F-0D75F7298BE3}.Release|x64.Build.0 = Release|x64
		{434B76FC-55BE-4BFF-938F-0D75F7298BE3}.Release|x64.Deploy.0 = Release|x64
		{6316845F-C1BD-41F4-AAA5-4AC6CB17141F}.Debug|Win32.ActiveCfg = Debug|Win32
		{6316845F-C1BD-41F4-AAA5-4AC6CB17141F}.Debug|Win32.Build.0 = Debug|Win32
		{6316845F-C1BD-41F4-AAA5-4AC6CB17141F}.Debug|Win32.Deploy.0 = Debug|Win32
		{6316845F-C1BD-41F4-AAA5-4AC6CB17141F}.Debug|x64.ActiveCfg = Debug|x64
		{6316845F-C1BD-41F4-AAA5-4AC6CB17141F}.Debug|x64.Build.0 = Debug|x64
		{6316845F-C1BD-41F4-AAA5-4AC6CB17141F}.Debug|x64.Deploy.0 = Debug|x64
		{6316845F-C1BD-41F4-AAA5-4AC6CB17141F}.Release|Win32.ActiveCfg = Release|Win32
		{6316845F-C1BD-41F4-AAA5-4AC6CB17141F}.Release|Win32.Build.0 = Release|Win32
		{6316845F-C1BD-41F4-AAA5-4AC6CB17141F}.Release|Win32.Deploy.0 = Release|Win32
		{6316845F-C1BD-41F4-AAA5-4AC6CB17141F}.Release|x64.ActiveCfg = Release|x64
		{6316845F-C1BD-41F4-AAA5-4AC6CB17141F}.Release|x64.Build.0 = Release|x64
		{6316845F-C1BD-41F4-AAA5-4AC6CB17141F}.Release|x64.Deploy.0 = Release|x64
		{331BF947-DB52-4B5B-BDFE-15FAF09F7863}.Debug|Win32.ActiveCfg = Debug|Win32
		{331BF947-DB52-4B5B-BDFE-15FAF09F7863}.Debug|Win32.Build.0 = Debug|Win32
		{331BF947-DB52-4B5B-BDFE-15FAF09F7863}.Debug|Win32.Deploy.0 = Debug|Win32
		{331BF947-DB52-4B5B-BDFE-15FAF09F7863}.Debug|x64.ActiveCfg = Debug|x64
		{331BF947-DB52-4B5B-BDFE-15FAF09F7863}.Debug|x64.Build.0 = Debug|x64
		{331BF947-DB52-4B5B-BDFE-15FAF09F7863}.Debug|x64.Deploy.0 = Debug|x64
		{331BF947-DB52-4B5B-BDFE-15FAF09F7863}.Release|Win32.ActiveCfg = Release|Win32
		{331BF947-DB52-4B5B-BDFE-15FAF09F7863}.Release|Win32.Build.0 = Release|Win32
		{331BF947-DB52-4B5B-BDFE-15FAF09F7863}.Release|Win32.Deploy.0 = Release|Win32
		{331BF947-DB52-4B5B-BDFE-15FAF09F7863}.Release|x64.ActiveCfg = Release|x64
		{331BF947-DB52-4B5B-BDFE-15FAF09F7863}.Release|x64.Build.0 = Release|x64
		{331BF947-DB52-4B5B-BDFE-15FAF09F7863}.Release|x64.Deploy.0 = Release|x64
		{4725A3C6-84B3-4642-A1FF-40A92B42AEE3}.Debug|Win32.ActiveCfg = Debug|Win32
		{4725A3C6-84B3-4642-A1FF-40A92B42AEE3}.Debug|Win32.Build.0 = Debug|Win32
		{4725A3C6-84B3-4642-A1FF-40A92B42AEE3}.Debug|Win32.Deploy.0 = Debug|Win32
		{4725A3C6-84B3-4642-A1FF-40A92B42AEE3}.Debug|x64.ActiveCfg = Debug|x64
		{4725A3C6-84B3-4642-A1FF-40A92B42AEE3}.Debug|x64.Build.0 = Debug|x64
		{4725A3C6-84B3-4642-A1FF-40A92B42AEE3}.Debug|x64.Deploy.0 = Debug|x64
		{4725A3C6-84B3-4642-A1FF-40A92B42AEE3}.Release|Win32.ActiveCfg = Release|Win32
		{4725A3C6-84B3-4642-A1FF-40A92B42AEE3}.Release|Win32.Build.0 = Release|Win32
		{4725A3C6-84B3-4642-A1FF-40A92B42AEE3}.Release|Win32.Deploy.0 = Release|Win32
		{4725A3C6-84B3-4642-A1FF-40A92B42AEE3}.Release|x64.ActiveCfg = Release|x64
		{4725A3C6-84B3-4642-A1FF-40A92B42AEE3}.Release|x64.Build.0 = Release|x64
		{4725A3C6-84B3-4642-A1FF-40A92B42AEE3}.Release|x64.Deploy.0 = Release|x64
		{D9EF94F6-10E9-484F-8C9A-4567F3EF2094}.Debug|Win32.ActiveCfg = Debug|Win32
		{D9EF94F6-10E9-484F-8C9A-4567F3EF2094}.Debug|Win32.Build.0 = Debug|Win32
		{D9EF94F6-10E9-484F-8C9A-4567F3EF2094}.Debug|Win32.Deploy.0 = Debug|Win32
		{D9EF94F6-10E9-484F-8C9A-4567F3EF2094}.Debug|x64.ActiveCfg = Debug|x64
		{D9EF94F6-10E9-484F-8C9A-4567F3EF2094}.Debug|x64.Build.0 = Debug|x64
		{D9EF94F6-10E9-484F-8C9A-4567F3EF2094}.Debug|x64.Deploy.0 = Debug|x64
		{D9EF94F6-10E9-484F-8C9A-4567F3EF2094}.Release|Win32.ActiveCfg = Release|Win32
		{D9EF94F6-10E9-484F-8C9A-4567F3EF2094}.Release|Win32.Build.0 = Release|Win32
		{D9EF94F6-10E9-484F-8C9A-4567F3EF2094}.Release|Win32.Deploy.0 = Release|Win32
		{D9EF94F6-10E9-484F-8C9A-4567F3EF2094}.Release|x64.ActiveCfg = Release|x64
		{D9EF94F6-10E9-484F-8C9A-4567F3EF2094}.Release|x64.Build.0 = Release|x64
		{D9EF94F6-10E9-484F-8C9A-4567F3EF2094}.Release|x64.Deploy.0 = Release|x64
		{9C516659-55A1-4740-BB9E-7A1DAD8DA9B3}.Debug|Win32.ActiveCfg = Debug|Win32
		{9C516659-55A1-4740-BB9E-7A1DAD8DA9B3}.Debug|Win32.Build.0 = Debug|Win32
		{9C516659-55A1-4740-BB9E-7A1DAD8DA9B3}.Debug|Win32.Deploy.0 = Debug|Win32
		{9C516659-55A1-4740-BB9E-7A1DAD8DA9B3}.Debug|x64.ActiveCfg = Debug|x64
		{9C516659-55A1-4740-BB9E-7A1DAD8DA9B3}.Debug|x64.Build.0 = Debug|x64
		{9C516659-55A1-4740-BB9E-7A1DAD8DA9B3}.Debug|x64.Deploy.0 = Debug|x64
		{9C516659-55A1-4740-BB9E-7A1DAD8DA9B3}.Release|Win32.ActiveCfg = Release|Win32
		{9C516659-55A1-4740-BB9E-7A1DAD8DA9B3}.Release|Win32.Build.0 = Release|Win32
		{9C516659-55A1-4740-BB9E-7A1DAD8DA9B3}.Release|Win32.Deploy.0 = Release|Win32
		{9C516659-55A1-4740-BB9E-7A1DAD8DA9B3}.Release|x64.ActiveCfg = Release|x64
		{9C516659-55A1-4740-BB9E-7A1DAD8DA9B3}.Release|x64.Build.0 = Release|x64
		{9C516659-55A1-4740-BB9E-7A1DAD8DA9B3}.Release|x64.Deploy.0 = Release|x64
		{7705CA44-0E68-4BDD-AD22-6126940F96ED}.Debug|Win32.ActiveCfg = Debug|Win32
		{7705CA44-0E68-4BDD-AD22-6126940F96ED}.Debug|Win32.Build.0 = Debug|Win32
		{7705CA44-0E68-4BDD-AD22-6126940F96ED}.Debug|Win32.Deploy.0 = Debug|Win32
		{7705CA44-0E68-4BDD-AD22-6126940F96ED}.Debug|x64.ActiveCfg = Debug|x64
		{7705CA44-0E68-4BDD-AD22-6126940F96ED}.Debug|x64.Build.0 = Debug|x64
		{7705CA44-0E68-4BDD-AD22-6126940F96ED}.Debug|x64.Deploy.0 = Debug|x64
		{7705CA44-0E68-4BDD-AD22-6126940F96ED}.Release|Win32.ActiveCfg = Release|Win32
		{7705CA44-0E68-4BDD-AD22-6126940F96ED}.Release|Win32.Build.0 = Release|Win32
		{7705CA44-0E68-4BDD-AD22-6126940F96ED}.Release|Win32.Deploy.0 = Release|Win32
		{7705CA44-0E68-4BDD-AD22-6126940F96ED}.Release|x64.ActiveCfg = Release|x64
		{7705CA44-0E68-4BDD-AD22-6126940F96ED}.Release|x64.Build.0 = Release|x64
		{7705CA44-0E68-4BDD-AD22-6126940F96ED}.Release|x64.Deploy.0 = Release|x64
		{8EBDF482-1BDB-429A-B977-2F1254005382}.Debug|Win32.ActiveCfg = Debug|Win32
		{8EBDF482-1BDB-429A-B977-2F1254005382}.Debug|Win32.Build.0 = Debug|Win32
		{8EBDF482-1BDB-429A-B977-2F1254005382}.Debug|Win32.Deploy.0 = Debug|Win32
		{8EBDF482-1BDB-429A-B977-2F1254005382}.Debug|x64.ActiveCfg = Debug|x64
		{8EBDF482-1BDB-429A-B977-2F1254005382}.Debug|x64.Build.0 = Debug|x64
		{8EBDF482-1BDB-429A-B977-2F1254005382}.Debug|x64.Deploy.0 = Debug|x64
		{8EBDF482-1BDB-429A-B977-2F1254005382}.Release|Win32.ActiveCfg = Release|Win32
		{8EBDF482-1BDB-429A-B977-2F1254005382}.Release|Win32.Build.0 = Release|Win32
		{8EBDF482-1BDB-429A-B977-2F1254005382}.Release|Win32.Deploy.0 = Release|Win32
		{8EBDF482-1BDB-429A-B977-2F1254005382}.Release|x64.ActiveCfg = Release|x64
		{8EBDF482-1BDB-429A-B977-2F1254005382}.Release|x64.Build.0 = Release|x64
		{8EBDF482-1BDB-429A-B977-2F1254005382}.Release|x64.Deploy.0 = Release|x64
		{4F445268-03A5-491E-A2AB-E3E64915D5C8}.Debug|Win32.ActiveCfg = Debug|Win32
		{4F445268-03A5-491E-A2AB-E3E64915D5C8}.Debug|Win32.Build.0 = Debug|Win32
		{4F445268-03A5-491E-A2AB-E3E64915D5C8}.Debug|Win32.Deploy.0 = Debug|Win32
		{4F445268-03A5-491E-A2AB-E3E64915D5C8}.Debug|x64.ActiveCfg = Debug|x64
		{4F445268-03A5-491E-A2AB-E3E64915D5C8}.Debug|x64.Build.0 = Debug|x64
		{4F445268-03A5-491E-A2AB-E3E64915D5C8}.Debug|x64.Deploy.0 = Debug|x64
		{4F445268-03A5-491E-A2AB-E3E64915D5C8}.Release|Win32.ActiveCfg = Release|Win32
		{4F445268-03A5-491E-A2AB-E3E64915D5C8}.Release|Win32.Build.0 = Release|Win32
		{4F445268-03A5-491E-A2AB-E3E64915D5C8}.Release|Win32.Deploy.0 = Release|Win32
		{4F445268-03A5-491E-A2AB-E3E64915D5C8}.Release|x64.ActiveCfg = Release|x64
		{4F445268-03A5-491E-A2AB-E3E64915D5C8}.Release|x64.Build.0 = Release|x64
		{4F445268-03A5-491E-A2AB-E3E64915D5C8}.Release|x64.Deploy.0 = Release|x64
		{8F33C7BB-E73B-4FFC-8B45-D83248C98BAB}.Debug|Win32.ActiveCfg = Debug|Win32
		{8F33C7BB-E73B-4FFC-8B45-D83248C98BAB}.Debug|Win32.Build.0 = Debug|Win32
		{8F33C7BB-E73B-4FFC-8B45-D83248C98BAB}.Debug|Win32.Deploy.0 = Debug|Win32
		{8F33C7BB-E73B-4FFC-8B45-D83248C98BAB}.Debug|x64.ActiveCfg = Debug|x64
		{8F33C7BB-E73B-4FFC-8B45-D83248C98BAB}.Debug|x64.Build.0 = Debug|x64
		{8F33C7BB-E73B-4FFC-8B45-D83248C98BAB}.Debug|x64.Deploy.0 = Debug|x64
		{8F33C7BB-E73B-4FFC-8B45-D83248C98BAB}.Release|Win32.ActiveCfg = Release|Win32
		{8F33C7BB-E73B-4FFC-8B45-D83248C98BAB}.Release|Win32.Build.0 = Release|Win32
		{8F33C7BB-E73B-4FFC-8B45-D83248C98BAB}.Release|Win32.Deploy.0 = Release|Win32
		{8F33C7BB-E73B-4FFC-8B45-D83248C98BAB}.Release|x64.ActiveCfg = Release|x64
		{8F33C7BB-E73B-4FFC-8B45-D83248C98BAB}.Release|x64.Build.0 = Release|x64
		{8F33C7BB-E73B-4FFC-8B45-D83248C98BAB}.Release|x64.Deploy.0 = Release|x64
		{6D9AC985-D786-4DAC-ABEA-F7DECEF3ADB9}.Debug|Win32.ActiveCfg = Debug|Win32
		{6D9AC985-D786-4DAC-ABEA-F7DECEF3ADB9}.Debug|Win32.Build.0 = Debug|Win32
		{6D9AC985-D786-4DAC-ABEA-F7DECEF3ADB9}.Debug|Win32.Deploy.0 = Debug|Win32
		{6D9AC985-D786-4DAC-ABEA-F7DECEF3ADB9}.Debug|x64.ActiveCfg = Debug|x64
		{6D9AC985-D786-4DAC-ABEA-F7DECEF3ADB9}.Debug|x64.Build.0 = Debug|x64
		{6D9AC985-D786-4DAC-ABEA-F7DECEF3ADB9}.Debug|x64.Deploy.0 = Debug|x64
		{6D9AC985-D786-4DAC-ABEA-F7DECEF3ADB9}.Release|Win32.ActiveCfg = Release|Win32
		{6D9AC985-D786-4DAC-ABEA-F7DECEF3ADB9}.Release|Win32.Build.0 = Release|Win32
		{6D9AC985-D786-4DAC-ABEA-F7DECEF3ADB9}.Release|Win32.Deploy.0 = Release|Win32
		{6D9AC985-D786-4DAC-ABEA-F7DECEF3ADB9}.Release|x64.ActiveCfg = Release|x64
		{6D9AC985-D786-4DAC-ABEA-F7DECEF3ADB9}.Release|x64.Build.0 = Release|x64
		{6D9AC985-D786-4DAC-ABEA-F7DECEF3ADB9}.Release|x64.Deploy.0 = Release|x64
		{2706CBEF-3A4A-4DBE-A981-24B4798D2332}.Debug|Win32.ActiveCfg = Debug|Win32
		{2706CBEF-3A4A-4DBE-A981-24B4798D2332}.Debug|Win32.Build.0 = Debug|Win32
		{2706CBEF-3A4A-4DBE-A981-24B4798D2332}.Debug|Win32.Deploy.0 = Debug|Win32
		{2706CBEF-3A4A-4DBE-A981-24B4798D2332}.Debug|x64.ActiveCfg = Debug|x64
		{2706CBEF-3A4A-4DBE-A981-24B4798D2332}.Debug|x64.Build.0 = Debug|x64
		{2706CBEF-3A4A-4DBE-A981-24B4798D2332}.Debug|x64.Deploy.0 = Debug|x64
		{2706CBEF-3A4A-4DBE-A981-24B4798D2332}.Release|Win32.ActiveCfg = Release|Win32
		{2706CBEF-3A4A-4DBE-A981-24B4798D2332}.Release|Win32.Build.0 = Release|Win32
		{2706CBEF-3A4A-4DBE-A981-24B4798D2332}.Release|Win32.Deploy.0 = Release|Win32
		{2706CBEF-3A4A-4DBE-A981-24B4798D2332}.Release|x64.ActiveCfg = Release|x64
		{2706CBEF-3A4A-4DBE-A981-24B4798D2332}.Release|x64.Build.0 = Release|x64
		{2706CBEF-3A4A-4DBE-A981-24B4798D2332}.Release|x64.Deploy.0 = Release|x64
		{AF65DC34-05D2-4CEB-825C-B7FCD9BD065B}.Debug|Win32.ActiveCfg = Debug|Win32
		{AF65DC34-05D2-4CEB-825C-B7FCD9BD065B}.Debug|Win32.Build.0 = Debug|Win32
		{AF65DC34-05D2-4CEB-825C-B7FCD9BD065B}.Debug|Win32.Deploy.0 = Debug|Win32
		{AF65DC34-05D2-4CEB-825C-B7FCD9BD065B}.Debug|x64.ActiveCfg = Debug|x64
		{AF65DC34-05D2-4CEB-825C-B7FCD9BD065B}.Debug|x64.Build.0 = Debug|x64
		{AF65DC34-05D2-4CEB-825C-B7FCD9BD065B}.Debug|x64.Deploy.0 = Debug|x64
		{AF65DC34-05D2-4CEB-825C-B7FCD9BD065B}.Release|Win32.ActiveCfg = Release|Win32
		{AF65DC34-05D2-4CEB-825C-B7FCD9BD065B}.Release|Win32.Build.0 = Release|Win32
		{AF65DC34-05D2-4CEB-825C-B7FCD9BD065B}.Release|Win32.Deploy.0 = Release|Win32
		{AF65DC34-05D2-4CEB-825C-B7FCD9BD065B}.Release|x64.ActiveCfg = Release|x64
		{AF65DC34-05D2-4CEB-825C-B7FCD9BD065B}.Release|x64.Build.0 = Release|x64
		{AF65DC34-05D2-4CEB-825C-B7FCD9BD065B}.Release|x64.Deploy.0 = Release|x64
		{BA11C642-A266-4A0F-95A9-658C71130C20}.Debug|Win32.ActiveCfg = Debug|Win32
		{BA11C642-A266-4A0F-95A9-658C71130C20}.Debug|Win32.Build.0 = Debug|Win32
		{BA11C642-A266-4A0F-95A9-658C71130C20}.Debug|Win32.Deploy.0 = Debug|Win32
		{BA11C642-A266-4A0F-95A9-658C71130C20}.Debug|x64.ActiveCfg = Debug|x64
		{BA11C642-A266-4A0F-95A9-658C71130C20}.Debug|x64.Build.0 = Debug|x64
		{BA11C642-A266-4A0F-95A9-658C71130C20}.Debug|x64.Deploy.0 = Debug|x64
		{BA11C642-A266-4A0F-95A9-658C71130C20}.Release|Win32.ActiveCfg = Release|Win32
		{BA11C642-A266-4A0F-95A9-658C71130C20}.Release|Win32.Build.0 = Release|Win32
		{BA11C642-A266-4A0F-95A9-658C71130C20}.Release|Win32.Deploy.0 = Release|Win32
		{BA11C642-A266-4A0F-95A9-658C71130C20}.Release|x64.ActiveCfg = Release|x64
		{BA11C642-A266-4A0F-95A9-658C71130C20}.Release|x64.Build.0 = Release|x64
		{BA11C642-A266-4A0F-95A9-658C71130C20}.Release|x64.Deploy.0 = Release|x64
		{ADF65E4E-6B44-4057-89D4-4A4E3BCF2446}.Debug|Win32.ActiveCfg = Debug|Win32
		{ADF65E4E-6B44-4057-89D4-4A4E3BCF2446}.Debug|Win32.Build.0 = Debug|Win32
		{ADF65E4E-6B44-4057-89D4-4A4E3BCF2446}.Debug|Win32.Deploy.0 = Debug|Win32
		{ADF65E4E-6B44-4057-89D4-4A4E3BCF2446}.Debug|x64.ActiveCfg = Debug|x64
		{ADF65E4E-6B44-4057-89D4-4A4E3BCF2446}.Debug|x64.Build.0 = Debug|x64
		{ADF65E4E-6B44-4057-89D4-4A4E3BCF2446}.Debug|x64.Deploy.0 = Debug|x64
		{ADF65E4E-6B44-4057-89D4-4A4E3BCF2446}.Release|Win32.ActiveCfg = Release|Win32
		{ADF65E4E-6B44-4057-89D4-4A4E3BCF2446}.Release|Win32.Build.0 = Release|Win32
		{ADF65E4E-6B44-4057-89D4-4A4E3BCF2446}.Release|Win32.Deploy.0 = Release|Win32
		{ADF65E4E-6B44-4057-89D4-4A4E3BCF2446}.Release|x64.ActiveCfg = Release|x64
		{ADF65E4E-6B44-4057-89D4-4A4E3BCF2446}.Release|x64.Build.0 = Release|x64
		{ADF65E4E-6B44-4057-89D4-4A4E3BCF2446}.Release|x64.Deploy.0 = Release|x64
		{198A1FF2-F765-4CED-B43C-28E42FE57DD6}.Debug|Win32.ActiveCfg = Debug|Win32
		{198A1FF2-F765-4CED-B43C-28E42FE57DD6}.Debug|Win32.Build.0 = Debug|Win32
		{198A1FF2-F765-4CED-B43C-28E42FE57DD6}.Debug|Win32.Deploy.0 = Debug|Win32
		{198A1FF2-F765-4CED-B43C-28E42FE57DD6}.Debug|x64.ActiveCfg = Debug|x64
		{198A1FF2-F765-4CED-B43C-28E42FE57DD6}.Debug|x64.Build.0 = Debug|x64
		{198A1FF2-F765-4CED-B43C-28E42FE57DD6}.Debug|x64.Deploy.0 = Debug|x64
		{198A1FF2-F765-4CED-B43C-28E42FE57DD6}.Release|Win32.ActiveCfg = Release|Win32
		{198A1FF2-F765-4CED-B43C-28E42FE57DD6}.Release|Win32.Build.0 = Release|Win32
		{198A1FF2-F765-4CED-B43C-28E42FE57DD6}.Release|Win32.Deploy.0 = Release|Win32
		{198A1FF2-F765-4CED-B43C-28E42FE57DD6}.Release|x64.ActiveCfg = Release|x64
		{198A1FF2-F765-4CED-B43C-28E42FE57DD6}.Release|x64.Build.0 = Release|x64
		{198A1FF2-F765-4CED-B43C-28E42FE57DD6}.Release|x64.Deploy.0 = Release|x64
	EndGlobalSection
	GlobalSection(SolutionProperties) = preSolution
		HideSolutionNode = FALSE
	EndGlobalSection
EndGlobal
