<?xml version="1.0" encoding="utf-8"?>
<Project ToolsVersion="4.0" xmlns="http://schemas.microsoft.com/developer/msbuild/2003">
  <ItemGroup>
    <Filter Include="소스 파일">
      <UniqueIdentifier>{4FC737F1-C7A5-4376-A066-2A32D752A2FF}</UniqueIdentifier>
      <Extensions>
      </Extensions>
    </Filter>
    <Filter Include="리소스 파일">
      <UniqueIdentifier>{67DA6AB6-F800-4c08-8B7A-83BB121AAD01}</UniqueIdentifier>
      <Extensions>rc;ico;cur;bmp;dlg;rc2;rct;bin;rgs;gif;jpg;jpeg;jpe;resx;tiff;tif;png;wav;mfcribbon-ms</Extensions>
    </Filter>
    <Filter Include="소스 파일\1.Main">
      <UniqueIdentifier>{93995380-89BD-4b04-88EB-625FBE52EBFB}</UniqueIdentifier>
      <Extensions>
      </Extensions>
    </Filter>
    <Filter Include="소스 파일\2.Singleton">
      <UniqueIdentifier>{3b87f3ff-6c27-4d7a-9f51-b9ef2ad93b17}</UniqueIdentifier>
    </Filter>
    <Filter Include="소스 파일\3.Object">
      <UniqueIdentifier>{574297fa-3ec0-40ca-9a5c-80bdcc62469d}</UniqueIdentifier>
    </Filter>
    <Filter Include="소스 파일\4.Scene">
      <UniqueIdentifier>{1601107b-ee66-4700-80e6-f0016ebc997c}</UniqueIdentifier>
    </Filter>
    <Filter Include="소스 파일\3.Object\_Base">
      <UniqueIdentifier>{5b379144-4a14-4abe-b6a5-d48f297ac1bd}</UniqueIdentifier>
    </Filter>
    <Filter Include="소스 파일\3.Object\Cube">
      <UniqueIdentifier>{305c21d8-5d0c-47ae-b860-5608f0bb7cf5}</UniqueIdentifier>
    </Filter>
    <Filter Include="소스 파일\3.Object\Grid">
      <UniqueIdentifier>{37298702-52ad-4a29-81cc-c8e6dccd7814}</UniqueIdentifier>
    </Filter>
    <Filter Include="소스 파일\3.Object\Action">
      <UniqueIdentifier>{6d96de00-896e-4f76-badf-ddb4863899c7}</UniqueIdentifier>
    </Filter>
    <Filter Include="소스 파일\3.Object\OBJ">
      <UniqueIdentifier>{0650a0a5-75a3-41ea-94be-bd6e816a18f0}</UniqueIdentifier>
    </Filter>
    <Filter Include="소스 파일\3.Object\ASE">
      <UniqueIdentifier>{d00a7411-e3f2-464a-9eef-2b4eecf57273}</UniqueIdentifier>
    </Filter>
    <Filter Include="소스 파일\3.Object\Utiliy">
      <UniqueIdentifier>{f2c16e93-7765-435e-99d2-e2fc66057cd5}</UniqueIdentifier>
    </Filter>
    <Filter Include="소스 파일\3.Object\DisplayObject">
      <UniqueIdentifier>{c82ae2d6-bfed-4717-818e-1676d966ba2e}</UniqueIdentifier>
    </Filter>
    <Filter Include="소스 파일\3.Object\UI">
      <UniqueIdentifier>{9e6bd2e9-0c06-455a-a2f2-41d4400ebf04}</UniqueIdentifier>
    </Filter>
    <Filter Include="소스 파일\3.Object\AStar">
      <UniqueIdentifier>{569327ca-3dd5-4646-85f3-c174a32d2d46}</UniqueIdentifier>
    </Filter>
    <Filter Include="소스 파일\xFile">
      <UniqueIdentifier>{dae67d15-7c69-4569-b16b-0c9cdcc625f6}</UniqueIdentifier>
    </Filter>
    <Filter Include="소스 파일\skybox">
      <UniqueIdentifier>{c6fac5ee-6a62-4787-b58f-5a9db779b74e}</UniqueIdentifier>
    </Filter>
    <Filter Include="소스 파일\Sound">
      <UniqueIdentifier>{d12586f6-7912-4c2d-a195-f9af858e1982}</UniqueIdentifier>
    </Filter>
    <Filter Include="소스 파일\Keyboard &amp; Mouse">
      <UniqueIdentifier>{22962e7f-4215-4812-8b4c-e8583b329f07}</UniqueIdentifier>
    </Filter>
    <Filter Include="소스 파일\AI">
      <UniqueIdentifier>{f26e2192-8aa3-42ab-abb9-7619181f4956}</UniqueIdentifier>
    </Filter>
    <Filter Include="소스 파일\GSM">
      <UniqueIdentifier>{143fddfb-59aa-4de3-aee4-e5850660dc39}</UniqueIdentifier>
    </Filter>
    <Filter Include="소스 파일\Skin">
      <UniqueIdentifier>{fb920c46-affd-44db-982d-ff9677573176}</UniqueIdentifier>
    </Filter>
    <Filter Include="소스 파일\Minimap">
      <UniqueIdentifier>{a18aae85-d1a6-408a-8f58-66a780db75a7}</UniqueIdentifier>
    </Filter>
    <Filter Include="소스 파일\Wall">
      <UniqueIdentifier>{a050065c-a9c5-4135-ada6-c1bd95aae565}</UniqueIdentifier>
    </Filter>
    <Filter Include="소스 파일\Event">
      <UniqueIdentifier>{c03e1b93-71d9-4a77-9d6c-b9e357031a2c}</UniqueIdentifier>
    </Filter>
    <Filter Include="소스 파일\Shader">
      <UniqueIdentifier>{8f271139-0de6-4411-9569-6e304308f340}</UniqueIdentifier>
    </Filter>
    <Filter Include="소스 파일\Skin\weapons">
      <UniqueIdentifier>{795ed084-7b53-4fb0-88e8-480a9cfd141b}</UniqueIdentifier>
    </Filter>
    <Filter Include="소스 파일\Skin\NPC">
      <UniqueIdentifier>{11635f7d-7219-4140-b7e8-abe675153ed4}</UniqueIdentifier>
    </Filter>
    <Filter Include="소스 파일\Skin\Player">
      <UniqueIdentifier>{73e02cfc-ac34-481e-a541-b3349dd935a1}</UniqueIdentifier>
    </Filter>
    <Filter Include="소스 파일\Skin\equip">
      <UniqueIdentifier>{aea2c679-ed3e-4745-911c-69cf8955a479}</UniqueIdentifier>
    </Filter>
    <Filter Include="소스 파일\AI\Boss">
      <UniqueIdentifier>{6ed70baf-0a8a-4bcb-8477-1d9d6b99c562}</UniqueIdentifier>
    </Filter>
  </ItemGroup>
  <ItemGroup>
    <ClInclude Include="DeviceManager.h">
      <Filter>소스 파일\2.Singleton</Filter>
    </ClInclude>
    <ClInclude Include="Application.h">
      <Filter>소스 파일\2.Singleton</Filter>
    </ClInclude>
    <ClInclude Include="GlobalDefinition.h">
      <Filter>소스 파일\1.Main</Filter>
    </ClInclude>
    <ClInclude Include="DX3D.h">
      <Filter>소스 파일\1.Main</Filter>
    </ClInclude>
    <ClInclude Include="Resource.h">
      <Filter>소스 파일\1.Main</Filter>
    </ClInclude>
    <ClInclude Include="SceneGrid.h">
      <Filter>소스 파일\4.Scene</Filter>
    </ClInclude>
    <ClInclude Include="SceneManager.h">
      <Filter>소스 파일\2.Singleton</Filter>
    </ClInclude>
    <ClInclude Include="targetver.h">
      <Filter>소스 파일\1.Main</Filter>
    </ClInclude>
    <ClInclude Include="stdafx.h">
      <Filter>소스 파일\1.Main</Filter>
    </ClInclude>
    <ClInclude Include="BaseObject.h">
      <Filter>소스 파일\3.Object\_Base</Filter>
    </ClInclude>
    <ClInclude Include="IScene.h">
      <Filter>소스 파일\3.Object\_Base</Filter>
    </ClInclude>
    <ClInclude Include="ColorCube.h">
      <Filter>소스 파일\3.Object\Cube</Filter>
    </ClInclude>
    <ClInclude Include="KeyboardManager.h">
      <Filter>소스 파일\2.Singleton</Filter>
    </ClInclude>
    <ClInclude Include="Camera.h">
      <Filter>소스 파일\2.Singleton</Filter>
    </ClInclude>
    <ClInclude Include="IDisplayObject.h">
      <Filter>소스 파일\3.Object\_Base</Filter>
    </ClInclude>
    <ClInclude Include="Cubeman.h">
      <Filter>소스 파일\3.Object\Cube</Filter>
    </ClInclude>
    <ClInclude Include="CubemanParts.h">
      <Filter>소스 파일\3.Object\Cube</Filter>
    </ClInclude>
    <ClInclude Include="Grid.h">
      <Filter>소스 파일\3.Object\Grid</Filter>
    </ClInclude>
    <ClInclude Include="D3DUtility.h">
      <Filter>소스 파일\1.Main</Filter>
    </ClInclude>
    <ClInclude Include="Walls.h">
      <Filter>소스 파일\3.Object\Grid</Filter>
    </ClInclude>
    <ClInclude Include="Debug.h">
      <Filter>소스 파일\2.Singleton</Filter>
    </ClInclude>
    <ClInclude Include="ActionMoveTo.h">
      <Filter>소스 파일\3.Object\Action</Filter>
    </ClInclude>
    <ClInclude Include="ActionRepeat.h">
      <Filter>소스 파일\3.Object\Action</Filter>
    </ClInclude>
    <ClInclude Include="ActionSequence.h">
      <Filter>소스 파일\3.Object\Action</Filter>
    </ClInclude>
    <ClInclude Include="IAction.h">
      <Filter>소스 파일\3.Object\Action</Filter>
    </ClInclude>
    <ClInclude Include="IActionObject.h">
      <Filter>소스 파일\3.Object\Action</Filter>
    </ClInclude>
    <ClInclude Include="ActionCube.h">
      <Filter>소스 파일\3.Object\Cube</Filter>
    </ClInclude>
    <ClInclude Include="TimeManager.h">
      <Filter>소스 파일\2.Singleton</Filter>
    </ClInclude>
    <ClInclude Include="Hexagon.h">
      <Filter>소스 파일\3.Object\Grid</Filter>
    </ClInclude>
    <ClInclude Include="SceneObjMap.h">
      <Filter>소스 파일\4.Scene</Filter>
    </ClInclude>
    <ClInclude Include="TextureManager.h">
      <Filter>소스 파일\2.Singleton</Filter>
    </ClInclude>
    <ClInclude Include="IMap.h">
      <Filter>소스 파일\3.Object\_Base</Filter>
    </ClInclude>
    <ClInclude Include="MapManager.h">
      <Filter>소스 파일\2.Singleton</Filter>
    </ClInclude>
    <ClInclude Include="AseLoader.h">
      <Filter>소스 파일\3.Object\ASE</Filter>
    </ClInclude>
    <ClInclude Include="AseObject.h">
      <Filter>소스 파일\3.Object\ASE</Filter>
    </ClInclude>
    <ClInclude Include="Asciitok.h">
      <Filter>소스 파일\3.Object\ASE</Filter>
    </ClInclude>
    <ClInclude Include="SceneHeightmap.h">
      <Filter>소스 파일\4.Scene</Filter>
    </ClInclude>
    <ClInclude Include="AseCharacter.h">
      <Filter>소스 파일\3.Object\ASE</Filter>
    </ClInclude>
    <ClInclude Include="IUnitObject.h">
      <Filter>소스 파일\3.Object\_Base</Filter>
    </ClInclude>
    <ClInclude Include="HeightMap.h">
      <Filter>소스 파일\3.Object</Filter>
    </ClInclude>
    <ClInclude Include="Ray.h">
      <Filter>소스 파일\3.Object\Utiliy</Filter>
    </ClInclude>
    <ClInclude Include="Picking.h">
      <Filter>소스 파일\3.Object\DisplayObject</Filter>
    </ClInclude>
    <ClInclude Include="ObjManager.h">
      <Filter>소스 파일\2.Singleton</Filter>
    </ClInclude>
    <ClInclude Include="IUIObject.h">
      <Filter>소스 파일\3.Object\UI</Filter>
    </ClInclude>
    <ClInclude Include="SampleUI.h">
      <Filter>소스 파일\3.Object\UI</Filter>
    </ClInclude>
    <ClInclude Include="UIBUtton.h">
      <Filter>소스 파일\3.Object\UI</Filter>
    </ClInclude>
    <ClInclude Include="UIImage.h">
      <Filter>소스 파일\3.Object\UI</Filter>
    </ClInclude>
    <ClInclude Include="UIText.h">
      <Filter>소스 파일\3.Object\UI</Filter>
    </ClInclude>
    <ClInclude Include="FontManager.h">
      <Filter>소스 파일\2.Singleton</Filter>
    </ClInclude>
    <ClInclude Include="SceneTest.h">
      <Filter>소스 파일\4.Scene</Filter>
    </ClInclude>
    <ClInclude Include="ParticleTest.h">
      <Filter>소스 파일\3.Object\DisplayObject</Filter>
    </ClInclude>
    <ClInclude Include="Frustum.h">
      <Filter>소스 파일\3.Object\DisplayObject</Filter>
    </ClInclude>
    <ClInclude Include="AStar.h">
      <Filter>소스 파일\3.Object\AStar</Filter>
    </ClInclude>
    <ClInclude Include="AStarNode.h">
      <Filter>소스 파일\3.Object\AStar</Filter>
    </ClInclude>
    <ClInclude Include="Heap.h">
      <Filter>소스 파일\3.Object\AStar</Filter>
    </ClInclude>
    <ClInclude Include="SkinnedMesh.h">
      <Filter>소스 파일\xFile</Filter>
    </ClInclude>
    <ClInclude Include="AllocateHierarchy.h">
      <Filter>소스 파일\xFile</Filter>
    </ClInclude>
    <ClInclude Include="SceneXfile.h">
      <Filter>소스 파일\4.Scene</Filter>
    </ClInclude>
    <ClInclude Include="SkyBox.h">
      <Filter>소스 파일\skybox</Filter>
    </ClInclude>
    <ClInclude Include="Mob.h">
      <Filter>소스 파일\AI</Filter>
    </ClInclude>
    <ClInclude Include="Blocks.h">
      <Filter>소스 파일\AI</Filter>
    </ClInclude>
    <ClInclude Include="UnitBox.h">
      <Filter>소스 파일\AI</Filter>
    </ClInclude>
    <ClInclude Include="GSM.h">
      <Filter>소스 파일\GSM</Filter>
    </ClInclude>
    <ClInclude Include="Keyboard.h">
      <Filter>소스 파일\Keyboard &amp; Mouse</Filter>
    </ClInclude>
    <ClInclude Include="Mouse.h">
      <Filter>소스 파일\Keyboard &amp; Mouse</Filter>
    </ClInclude>
    <ClInclude Include="SoundManager.h">
      <Filter>소스 파일\Sound</Filter>
    </ClInclude>
    <ClInclude Include="TeamAI.h">
      <Filter>소스 파일\AI</Filter>
    </ClInclude>
    <ClInclude Include="SoundControl.h">
      <Filter>소스 파일\Sound</Filter>
    </ClInclude>
    <ClInclude Include="CreateSmog.h">
      <Filter>소스 파일\3.Object</Filter>
    </ClInclude>
    <ClInclude Include="CD3Mesh.h">
      <Filter>소스 파일\3.Object\OBJ</Filter>
    </ClInclude>
    <ClInclude Include="ObjLoader.h">
      <Filter>소스 파일\3.Object\OBJ</Filter>
    </ClInclude>
    <ClInclude Include="ObjRen.h">
      <Filter>소스 파일\3.Object\OBJ</Filter>
    </ClInclude>
    <ClInclude Include="ALLTexTURE.h">
      <Filter>소스 파일\Skin</Filter>
    </ClInclude>
    <ClInclude Include="ObjRender.h">
      <Filter>소스 파일\3.Object\OBJ</Filter>
    </ClInclude>
    <ClInclude Include="SceneShader.h">
      <Filter>소스 파일\4.Scene</Filter>
    </ClInclude>
    <ClInclude Include="SceneLoading.h">
      <Filter>소스 파일\4.Scene</Filter>
    </ClInclude>
    <ClInclude Include="Minimap.h">
      <Filter>소스 파일\Minimap</Filter>
    </ClInclude>
    <ClInclude Include="Wall.h">
      <Filter>소스 파일\Wall</Filter>
    </ClInclude>
    <ClInclude Include="WallManager.h">
      <Filter>소스 파일\Wall</Filter>
    </ClInclude>
    <ClInclude Include="seqManager.h">
      <Filter>소스 파일\Event</Filter>
    </ClInclude>
    <ClInclude Include="SceneMainScreen.h">
      <Filter>소스 파일\4.Scene</Filter>
    </ClInclude>
    <ClInclude Include="MainScreenUI.h">
      <Filter>소스 파일\3.Object\UI</Filter>
    </ClInclude>
    <ClInclude Include="eventTalk.h">
      <Filter>소스 파일\Event</Filter>
    </ClInclude>
    <ClInclude Include="IShader.h">
      <Filter>소스 파일\3.Object\_Base</Filter>
    </ClInclude>
    <ClInclude Include="LightingShader.h">
      <Filter>소스 파일\Shader</Filter>
    </ClInclude>
    <ClInclude Include="ShadowMappingShader.h">
      <Filter>소스 파일\Shader</Filter>
    </ClInclude>
    <ClInclude Include="Shaders.h">
      <Filter>소스 파일\Shader</Filter>
    </ClInclude>
    <ClInclude Include="Objects.h">
      <Filter>소스 파일\3.Object</Filter>
    </ClInclude>
    <ClInclude Include="MenuUI.h">
      <Filter>소스 파일\3.Object\UI</Filter>
    </ClInclude>
    <ClInclude Include="SphereWall.h">
      <Filter>소스 파일\Wall</Filter>
    </ClInclude>
    <ClInclude Include="GUN.h">
      <Filter>소스 파일\Skin\weapons</Filter>
    </ClInclude>
    <ClInclude Include="Smle.h">
      <Filter>소스 파일\Skin\weapons</Filter>
    </ClInclude>
    <ClInclude Include="SHOVEL.h">
      <Filter>소스 파일\Skin\weapons</Filter>
    </ClInclude>
    <ClInclude Include="MONSTER.h">
      <Filter>소스 파일\Skin\NPC</Filter>
    </ClInclude>
    <ClInclude Include="TEAM_TEX.h">
      <Filter>소스 파일\Skin\NPC</Filter>
    </ClInclude>
    <ClInclude Include="Player_hands.h">
      <Filter>소스 파일\Skin\Player</Filter>
    </ClInclude>
    <ClInclude Include="BulletUI.h">
      <Filter>소스 파일\3.Object\UI</Filter>
    </ClInclude>
    <ClInclude Include="BulletUI.h">
      <Filter>소스 파일\3.Object\UI</Filter>
    </ClInclude>
    <ClInclude Include="WireSphere.h">
      <Filter>소스 파일\3.Object\UI</Filter>
    </ClInclude>
    <ClInclude Include="Player_Health_UI.h">
      <Filter>소스 파일\3.Object\UI</Filter>
    </ClInclude>
    <ClInclude Include="FR_HEADGEAR.h">
      <Filter>소스 파일\Skin\equip</Filter>
    </ClInclude>
    <ClInclude Include="MoveOBJ.h">
      <Filter>소스 파일\3.Object\OBJ</Filter>
    </ClInclude>
    <ClInclude Include="MARK.h">
      <Filter>소스 파일\AI\Boss</Filter>
    </ClInclude>
    <ClInclude Include="BOSS.h">
      <Filter>소스 파일\Skin\NPC</Filter>
    </ClInclude>
  </ItemGroup>
  <ItemGroup>
    <ClCompile Include="DeviceManager.cpp">
      <Filter>소스 파일\2.Singleton</Filter>
    </ClCompile>
    <ClCompile Include="Application.cpp">
      <Filter>소스 파일\2.Singleton</Filter>
    </ClCompile>
    <ClCompile Include="GlobalDefinition.cpp">
      <Filter>소스 파일\1.Main</Filter>
    </ClCompile>
    <ClCompile Include="DX3D.cpp">
      <Filter>소스 파일\1.Main</Filter>
    </ClCompile>
    <ClCompile Include="SceneGrid.cpp">
      <Filter>소스 파일\4.Scene</Filter>
    </ClCompile>
    <ClCompile Include="SceneManager.cpp">
      <Filter>소스 파일\2.Singleton</Filter>
    </ClCompile>
    <ClCompile Include="stdafx.cpp">
      <Filter>소스 파일\1.Main</Filter>
    </ClCompile>
    <ClCompile Include="BaseObject.cpp">
      <Filter>소스 파일\3.Object\_Base</Filter>
    </ClCompile>
    <ClCompile Include="ColorCube.cpp">
      <Filter>소스 파일\3.Object\Cube</Filter>
    </ClCompile>
    <ClCompile Include="KeyboardManager.cpp">
      <Filter>소스 파일\2.Singleton</Filter>
    </ClCompile>
    <ClCompile Include="Camera.cpp">
      <Filter>소스 파일\2.Singleton</Filter>
    </ClCompile>
    <ClCompile Include="IDisplayObject.cpp">
      <Filter>소스 파일\3.Object\_Base</Filter>
    </ClCompile>
    <ClCompile Include="Cubeman.cpp">
      <Filter>소스 파일\3.Object\Cube</Filter>
    </ClCompile>
    <ClCompile Include="CubemanParts.cpp">
      <Filter>소스 파일\3.Object\Cube</Filter>
    </ClCompile>
    <ClCompile Include="Grid.cpp">
      <Filter>소스 파일\3.Object\Grid</Filter>
    </ClCompile>
    <ClCompile Include="D3DUtility.cpp">
      <Filter>소스 파일\1.Main</Filter>
    </ClCompile>
    <ClCompile Include="Walls.cpp">
      <Filter>소스 파일\3.Object\Grid</Filter>
    </ClCompile>
    <ClCompile Include="Debug.cpp">
      <Filter>소스 파일\2.Singleton</Filter>
    </ClCompile>
    <ClCompile Include="ActionMoveTo.cpp">
      <Filter>소스 파일\3.Object\Action</Filter>
    </ClCompile>
    <ClCompile Include="ActionRepeat.cpp">
      <Filter>소스 파일\3.Object\Action</Filter>
    </ClCompile>
    <ClCompile Include="ActionSequence.cpp">
      <Filter>소스 파일\3.Object\Action</Filter>
    </ClCompile>
    <ClCompile Include="IAction.cpp">
      <Filter>소스 파일\3.Object\Action</Filter>
    </ClCompile>
    <ClCompile Include="IActionObject.cpp">
      <Filter>소스 파일\3.Object\Action</Filter>
    </ClCompile>
    <ClCompile Include="ActionCube.cpp">
      <Filter>소스 파일\3.Object\Cube</Filter>
    </ClCompile>
    <ClCompile Include="TimeManager.cpp">
      <Filter>소스 파일\2.Singleton</Filter>
    </ClCompile>
    <ClCompile Include="Hexagon.cpp">
      <Filter>소스 파일\3.Object\Grid</Filter>
    </ClCompile>
    <ClCompile Include="SceneObjMap.cpp">
      <Filter>소스 파일\4.Scene</Filter>
    </ClCompile>
    <ClCompile Include="TextureManager.cpp">
      <Filter>소스 파일\2.Singleton</Filter>
    </ClCompile>
    <ClCompile Include="MapManager.cpp">
      <Filter>소스 파일\2.Singleton</Filter>
    </ClCompile>
    <ClCompile Include="AseLoader.cpp">
      <Filter>소스 파일\3.Object\ASE</Filter>
    </ClCompile>
    <ClCompile Include="AseObject.cpp">
      <Filter>소스 파일\3.Object\ASE</Filter>
    </ClCompile>
    <ClCompile Include="AseCharacter.cpp">
      <Filter>소스 파일\3.Object\ASE</Filter>
    </ClCompile>
    <ClCompile Include="IUnitObject.cpp">
      <Filter>소스 파일\3.Object\_Base</Filter>
    </ClCompile>
    <ClCompile Include="HeightMap.cpp">
      <Filter>소스 파일\3.Object</Filter>
    </ClCompile>
    <ClCompile Include="Ray.cpp">
      <Filter>소스 파일\3.Object\Utiliy</Filter>
    </ClCompile>
    <ClCompile Include="Picking.cpp">
      <Filter>소스 파일\3.Object\DisplayObject</Filter>
    </ClCompile>
    <ClCompile Include="ObjManager.cpp">
      <Filter>소스 파일\2.Singleton</Filter>
    </ClCompile>
    <ClCompile Include="IUIObject.cpp">
      <Filter>소스 파일\3.Object\UI</Filter>
    </ClCompile>
    <ClCompile Include="SampleUI.cpp">
      <Filter>소스 파일\3.Object\UI</Filter>
    </ClCompile>
    <ClCompile Include="UIBUtton.cpp">
      <Filter>소스 파일\3.Object\UI</Filter>
    </ClCompile>
    <ClCompile Include="UIImage.cpp">
      <Filter>소스 파일\3.Object\UI</Filter>
    </ClCompile>
    <ClCompile Include="UIText.cpp">
      <Filter>소스 파일\3.Object\UI</Filter>
    </ClCompile>
    <ClCompile Include="FontManager.cpp">
      <Filter>소스 파일\2.Singleton</Filter>
    </ClCompile>
    <ClCompile Include="SceneTest.cpp">
      <Filter>소스 파일\4.Scene</Filter>
    </ClCompile>
    <ClCompile Include="ParticleTest.cpp">
      <Filter>소스 파일\3.Object\DisplayObject</Filter>
    </ClCompile>
    <ClCompile Include="Frustum.cpp">
      <Filter>소스 파일\3.Object\DisplayObject</Filter>
    </ClCompile>
    <ClCompile Include="AStar.cpp">
      <Filter>소스 파일\3.Object\AStar</Filter>
    </ClCompile>
    <ClCompile Include="AStarNode.cpp">
      <Filter>소스 파일\3.Object\AStar</Filter>
    </ClCompile>
    <ClCompile Include="Heap.cpp">
      <Filter>소스 파일\3.Object\AStar</Filter>
    </ClCompile>
    <ClCompile Include="SkinnedMesh.cpp">
      <Filter>소스 파일\xFile</Filter>
    </ClCompile>
    <ClCompile Include="AllocateHierarchy.cpp">
      <Filter>소스 파일\xFile</Filter>
    </ClCompile>
    <ClCompile Include="SceneXfile.cpp">
      <Filter>소스 파일\4.Scene</Filter>
    </ClCompile>
    <ClCompile Include="SkyBox.cpp">
      <Filter>소스 파일\skybox</Filter>
    </ClCompile>
    <ClCompile Include="Mob.cpp">
      <Filter>소스 파일\AI</Filter>
    </ClCompile>
    <ClCompile Include="Blocks.cpp">
      <Filter>소스 파일\AI</Filter>
    </ClCompile>
    <ClCompile Include="SceneHeightmap.cpp">
      <Filter>소스 파일\4.Scene</Filter>
    </ClCompile>
    <ClCompile Include="UnitBox.cpp">
      <Filter>소스 파일\AI</Filter>
    </ClCompile>
    <ClCompile Include="GSM.cpp">
      <Filter>소스 파일\GSM</Filter>
    </ClCompile>
    <ClCompile Include="Keyboard.cpp">
      <Filter>소스 파일\Keyboard &amp; Mouse</Filter>
    </ClCompile>
    <ClCompile Include="Mouse.cpp">
      <Filter>소스 파일\Keyboard &amp; Mouse</Filter>
    </ClCompile>
    <ClCompile Include="SoundManager.cpp">
      <Filter>소스 파일\Sound</Filter>
    </ClCompile>
    <ClCompile Include="TeamAI.cpp">
      <Filter>소스 파일\AI</Filter>
    </ClCompile>
    <ClCompile Include="SoundControl.cpp">
      <Filter>소스 파일\Sound</Filter>
    </ClCompile>
    <ClCompile Include="CreateSmog.cpp">
      <Filter>소스 파일\3.Object</Filter>
    </ClCompile>
    <ClCompile Include="CD3Mesh.cpp">
      <Filter>소스 파일\3.Object\OBJ</Filter>
    </ClCompile>
    <ClCompile Include="ObjLoader.cpp">
      <Filter>소스 파일\3.Object\OBJ</Filter>
    </ClCompile>
    <ClCompile Include="ObjRen.cpp">
      <Filter>소스 파일\3.Object\OBJ</Filter>
    </ClCompile>
    <ClCompile Include="ALLTexTURE.cpp">
      <Filter>소스 파일\Skin</Filter>
    </ClCompile>
    <ClCompile Include="ObjRender.cpp">
      <Filter>소스 파일\3.Object\OBJ</Filter>
    </ClCompile>
    <ClCompile Include="SceneShader.cpp">
      <Filter>소스 파일\4.Scene</Filter>
    </ClCompile>
    <ClCompile Include="SceneLoading.cpp">
      <Filter>소스 파일\4.Scene</Filter>
    </ClCompile>
    <ClCompile Include="Minimap.cpp">
      <Filter>소스 파일\Minimap</Filter>
    </ClCompile>
    <ClCompile Include="Wall.cpp">
      <Filter>소스 파일\Wall</Filter>
    </ClCompile>
    <ClCompile Include="WallManager.cpp">
      <Filter>소스 파일\Wall</Filter>
    </ClCompile>
    <ClCompile Include="seqManager.cpp">
      <Filter>소스 파일\Event</Filter>
    </ClCompile>
    <ClCompile Include="SceneMainScreen.cpp">
      <Filter>소스 파일\4.Scene</Filter>
    </ClCompile>
    <ClCompile Include="MainScreenUI.cpp">
      <Filter>소스 파일\3.Object\UI</Filter>
    </ClCompile>
    <ClCompile Include="eventTalk.cpp">
      <Filter>소스 파일\Event</Filter>
    </ClCompile>
    <ClCompile Include="LightingShader.cpp">
      <Filter>소스 파일\Shader</Filter>
    </ClCompile>
    <ClCompile Include="ShadowMappingShader.cpp">
      <Filter>소스 파일\Shader</Filter>
    </ClCompile>
    <ClCompile Include="Shaders.cpp">
      <Filter>소스 파일\Shader</Filter>
    </ClCompile>
    <ClCompile Include="Objects.cpp">
      <Filter>소스 파일\3.Object</Filter>
    </ClCompile>
    <ClCompile Include="MenuUI.cpp">
      <Filter>소스 파일\3.Object\UI</Filter>
    </ClCompile>
    <ClCompile Include="SphereWall.cpp">
      <Filter>소스 파일\Wall</Filter>
    </ClCompile>
    <ClCompile Include="GUN.cpp">
      <Filter>소스 파일\Skin\weapons</Filter>
    </ClCompile>
    <ClCompile Include="Smle.cpp">
      <Filter>소스 파일\Skin\weapons</Filter>
    </ClCompile>
    <ClCompile Include="SHOVEL.cpp">
      <Filter>소스 파일\Skin\weapons</Filter>
    </ClCompile>
    <ClCompile Include="MONSTER.cpp">
      <Filter>소스 파일\Skin\NPC</Filter>
    </ClCompile>
    <ClCompile Include="TEAM_TEX.cpp">
      <Filter>소스 파일\Skin\NPC</Filter>
    </ClCompile>
    <ClCompile Include="Player_hands.cpp">
      <Filter>소스 파일\Skin\Player</Filter>
    </ClCompile>
    <ClCompile Include="BulletUI.cpp">
      <Filter>소스 파일\3.Object\UI</Filter>
    </ClCompile>
    <ClCompile Include="WireSphere.cpp">
      <Filter>소스 파일\3.Object\UI</Filter>
    </ClCompile>
    <ClCompile Include="Player_Health_UI.cpp">
      <Filter>소스 파일\3.Object\UI</Filter>
    </ClCompile>
    <ClCompile Include="FR_HEADGEAR.cpp">
      <Filter>소스 파일\Skin\equip</Filter>
    </ClCompile>
    <ClCompile Include="MoveOBJ.cpp">
      <Filter>소스 파일\3.Object\OBJ</Filter>
    </ClCompile>
    <ClCompile Include="MARK.cpp">
      <Filter>소스 파일\AI\Boss</Filter>
    </ClCompile>
    <ClCompile Include="BOSS.cpp">
      <Filter>소스 파일\Skin\NPC</Filter>
    </ClCompile>
  </ItemGroup>
  <ItemGroup>
    <ResourceCompile Include="DX3D.rc">
      <Filter>리소스 파일</Filter>
    </ResourceCompile>
  </ItemGroup>
  <ItemGroup>
    <Image Include="small.ico">
      <Filter>리소스 파일</Filter>
    </Image>
    <Image Include="DX3D.ico">
      <Filter>리소스 파일</Filter>
    </Image>
  </ItemGroup>
</Project>